// !$*UTF8*$!
{
	archiveVersion = 1;
	classes = {
	};
	objectVersion = 55;
	objects = {

/* Begin PBXBuildFile section */
		961D0B9D294D9F1E005A914D /* AppDelegate.swift in Sources */ = {isa = PBXBuildFile; fileRef = 961D0B9C294D9F1E005A914D /* AppDelegate.swift */; };
		961D0B9F294D9F1E005A914D /* SceneDelegate.swift in Sources */ = {isa = PBXBuildFile; fileRef = 961D0B9E294D9F1E005A914D /* SceneDelegate.swift */; };
		961D0BA1294D9F1E005A914D /* ImagesListViewController.swift in Sources */ = {isa = PBXBuildFile; fileRef = 961D0BA0294D9F1E005A914D /* ImagesListViewController.swift */; };
		961D0BA4294D9F1E005A914D /* Main.storyboard in Resources */ = {isa = PBXBuildFile; fileRef = 961D0BA2294D9F1E005A914D /* Main.storyboard */; };
		961D0BA6294D9F20005A914D /* Assets.xcassets in Resources */ = {isa = PBXBuildFile; fileRef = 961D0BA5294D9F20005A914D /* Assets.xcassets */; };
		961D0BA9294D9F20005A914D /* LaunchScreen.storyboard in Resources */ = {isa = PBXBuildFile; fileRef = 961D0BA7294D9F20005A914D /* LaunchScreen.storyboard */; };
		962695B7299552F600A7650F /* Kingfisher in Frameworks */ = {isa = PBXBuildFile; productRef = 962695B6299552F600A7650F /* Kingfisher */; };
		962695BA2996001100A7650F /* SwiftKeychainWrapper in Frameworks */ = {isa = PBXBuildFile; productRef = 962695B92996001100A7650F /* SwiftKeychainWrapper */; };
		962695BC299603A300A7650F /* TabBarController.swift in Sources */ = {isa = PBXBuildFile; fileRef = 962695BB299603A300A7650F /* TabBarController.swift */; };
		96271B4D29841A1F00FA9ABE /* SplashViewController.swift in Sources */ = {isa = PBXBuildFile; fileRef = 96271B4C29841A1F00FA9ABE /* SplashViewController.swift */; };
		962FF2B629A0A07F000CF9BE /* ImagesListService.swift in Sources */ = {isa = PBXBuildFile; fileRef = 962FF2B529A0A07F000CF9BE /* ImagesListService.swift */; };
		96321363297D22B0003A07EB /* Constants.swift in Sources */ = {isa = PBXBuildFile; fileRef = 96321362297D22B0003A07EB /* Constants.swift */; };
		963213662981207C003A07EB /* AuthViewController.swift in Sources */ = {isa = PBXBuildFile; fileRef = 963213652981207C003A07EB /* AuthViewController.swift */; };
		9632136829812623003A07EB /* WebViewViewController.swift in Sources */ = {isa = PBXBuildFile; fileRef = 9632136729812623003A07EB /* WebViewViewController.swift */; };
		9632136A298132B1003A07EB /* WebViewViewControllerDelegate.swift in Sources */ = {isa = PBXBuildFile; fileRef = 96321369298132B1003A07EB /* WebViewViewControllerDelegate.swift */; };
		9632136C2982453F003A07EB /* URLRequest+MakeHTTPRequest.swift in Sources */ = {isa = PBXBuildFile; fileRef = 9632136B2982453F003A07EB /* URLRequest+MakeHTTPRequest.swift */; };
		9632136F29824715003A07EB /* OAuthTokenResponseBody.swift in Sources */ = {isa = PBXBuildFile; fileRef = 9632136E29824715003A07EB /* OAuthTokenResponseBody.swift */; };
		96321371298247AD003A07EB /* URLSession+DataTask.swift in Sources */ = {isa = PBXBuildFile; fileRef = 96321370298247AD003A07EB /* URLSession+DataTask.swift */; };
		9632137429824A05003A07EB /* OAuth2Service.swift in Sources */ = {isa = PBXBuildFile; fileRef = 9632137329824A05003A07EB /* OAuth2Service.swift */; };
		963213762983FB20003A07EB /* OAuth2TokenStorage.swift in Sources */ = {isa = PBXBuildFile; fileRef = 963213752983FB20003A07EB /* OAuth2TokenStorage.swift */; };
		964B295C29B1BA49001964E5 /* Date+ImagesListCellDateString.swift in Sources */ = {isa = PBXBuildFile; fileRef = 964B295B29B1BA49001964E5 /* Date+ImagesListCellDateString.swift */; };
		964B295E29B1C465001964E5 /* Photo.swift in Sources */ = {isa = PBXBuildFile; fileRef = 964B295D29B1C465001964E5 /* Photo.swift */; };
		9676792E298CE0F200E21F6C /* ProgressHUD in Frameworks */ = {isa = PBXBuildFile; productRef = 9676792D298CE0F200E21F6C /* ProgressHUD */; };
		967679972990CAF500E21F6C /* UIBlockingProgressHUD.swift in Sources */ = {isa = PBXBuildFile; fileRef = 967679962990CAF500E21F6C /* UIBlockingProgressHUD.swift */; };
		9676799A2990CEE100E21F6C /* ProfileDescriptionService.swift in Sources */ = {isa = PBXBuildFile; fileRef = 967679992990CEE100E21F6C /* ProfileDescriptionService.swift */; };
		9676799E2990CF4200E21F6C /* ProfileResult.swift in Sources */ = {isa = PBXBuildFile; fileRef = 9676799D2990CF4200E21F6C /* ProfileResult.swift */; };
		967679A02990CF5900E21F6C /* Profile.swift in Sources */ = {isa = PBXBuildFile; fileRef = 9676799F2990CF5900E21F6C /* Profile.swift */; };
		967679A52992047A00E21F6C /* ProfileImageService.swift in Sources */ = {isa = PBXBuildFile; fileRef = 967679A42992047A00E21F6C /* ProfileImageService.swift */; };
		967679A8299204BF00E21F6C /* UserResult.swift in Sources */ = {isa = PBXBuildFile; fileRef = 967679A7299204BF00E21F6C /* UserResult.swift */; };
		967679AA2993F9E500E21F6C /* URLSession+StartLoadingObject.swift in Sources */ = {isa = PBXBuildFile; fileRef = 967679A92993F9E500E21F6C /* URLSession+StartLoadingObject.swift */; };
		967679AE2993FF2500E21F6C /* AuthAlertPresenter.swift in Sources */ = {isa = PBXBuildFile; fileRef = 967679AD2993FF2500E21F6C /* AuthAlertPresenter.swift */; };
		96859C962954A62700C468D8 /* DateFormatter+Extensions.swift in Sources */ = {isa = PBXBuildFile; fileRef = 96859C952954A62700C468D8 /* DateFormatter+Extensions.swift */; };
		969A386929AF150800899597 /* LogoutAlertPresenter.swift in Sources */ = {isa = PBXBuildFile; fileRef = 969A386829AF150800899597 /* LogoutAlertPresenter.swift */; };
		969A386B29AF151D00899597 /* AlertPresenterDelegate.swift in Sources */ = {isa = PBXBuildFile; fileRef = 969A386A29AF151D00899597 /* AlertPresenterDelegate.swift */; };
		96AD1E1F295D9DD500947031 /* ProfileViewController.swift in Sources */ = {isa = PBXBuildFile; fileRef = 96AD1E1E295D9DD500947031 /* ProfileViewController.swift */; };
		96AD1E22295F41A700947031 /* SingleImageViewController.swift in Sources */ = {isa = PBXBuildFile; fileRef = 96AD1E21295F41A700947031 /* SingleImageViewController.swift */; };
		96BC124829542F1500AB1E8D /* ImagesListCell.swift in Sources */ = {isa = PBXBuildFile; fileRef = 96BC124729542F1500AB1E8D /* ImagesListCell.swift */; };
		96DB1D6B29A39626005144AB /* URLSessionTask+IsStillRunning.swift in Sources */ = {isa = PBXBuildFile; fileRef = 96DB1D6A29A39626005144AB /* URLSessionTask+IsStillRunning.swift */; };
		96DE47DE2961E94400FD7E28 /* UIColor+Extensions.swift in Sources */ = {isa = PBXBuildFile; fileRef = 96DE47DD2961E94400FD7E28 /* UIColor+Extensions.swift */; };
		96DEA27729A886BF00DEFB5A /* Array+WithReplaced.swift in Sources */ = {isa = PBXBuildFile; fileRef = 96DEA27629A886BF00DEFB5A /* Array+WithReplaced.swift */; };
		96DEA27B29AA29BD00DEFB5A /* TokenCleaner.swift in Sources */ = {isa = PBXBuildFile; fileRef = 96DEA27A29AA29BD00DEFB5A /* TokenCleaner.swift */; };
		96DEA27D29ABC16600DEFB5A /* LoadingGradientAnimationView.swift in Sources */ = {isa = PBXBuildFile; fileRef = 96DEA27C29ABC16600DEFB5A /* LoadingGradientAnimationView.swift */; };
		96EF758029A0A7D7005CAE89 /* PhotoResult.swift in Sources */ = {isa = PBXBuildFile; fileRef = 96EF757F29A0A7D7005CAE89 /* PhotoResult.swift */; };
/* End PBXBuildFile section */

/* Begin PBXFileReference section */
		961D0B99294D9F1E005A914D /* ImageFeed.app */ = {isa = PBXFileReference; explicitFileType = wrapper.application; includeInIndex = 0; path = ImageFeed.app; sourceTree = BUILT_PRODUCTS_DIR; };
		961D0B9C294D9F1E005A914D /* AppDelegate.swift */ = {isa = PBXFileReference; lastKnownFileType = sourcecode.swift; path = AppDelegate.swift; sourceTree = "<group>"; };
		961D0B9E294D9F1E005A914D /* SceneDelegate.swift */ = {isa = PBXFileReference; lastKnownFileType = sourcecode.swift; path = SceneDelegate.swift; sourceTree = "<group>"; };
		961D0BA0294D9F1E005A914D /* ImagesListViewController.swift */ = {isa = PBXFileReference; lastKnownFileType = sourcecode.swift; path = ImagesListViewController.swift; sourceTree = "<group>"; };
		961D0BA3294D9F1E005A914D /* Base */ = {isa = PBXFileReference; lastKnownFileType = file.storyboard; name = Base; path = Base.lproj/Main.storyboard; sourceTree = "<group>"; };
		961D0BA5294D9F20005A914D /* Assets.xcassets */ = {isa = PBXFileReference; lastKnownFileType = folder.assetcatalog; path = Assets.xcassets; sourceTree = "<group>"; };
		961D0BA8294D9F20005A914D /* Base */ = {isa = PBXFileReference; lastKnownFileType = file.storyboard; name = Base; path = Base.lproj/LaunchScreen.storyboard; sourceTree = "<group>"; };
		961D0BAA294D9F20005A914D /* Info.plist */ = {isa = PBXFileReference; lastKnownFileType = text.plist.xml; path = Info.plist; sourceTree = "<group>"; };
		962695BB299603A300A7650F /* TabBarController.swift */ = {isa = PBXFileReference; lastKnownFileType = sourcecode.swift; path = TabBarController.swift; sourceTree = "<group>"; };
		96271B4C29841A1F00FA9ABE /* SplashViewController.swift */ = {isa = PBXFileReference; lastKnownFileType = sourcecode.swift; path = SplashViewController.swift; sourceTree = "<group>"; };
		962FF2B529A0A07F000CF9BE /* ImagesListService.swift */ = {isa = PBXFileReference; lastKnownFileType = sourcecode.swift; path = ImagesListService.swift; sourceTree = "<group>"; };
		96321362297D22B0003A07EB /* Constants.swift */ = {isa = PBXFileReference; lastKnownFileType = sourcecode.swift; path = Constants.swift; sourceTree = "<group>"; };
		963213652981207C003A07EB /* AuthViewController.swift */ = {isa = PBXFileReference; lastKnownFileType = sourcecode.swift; path = AuthViewController.swift; sourceTree = "<group>"; };
		9632136729812623003A07EB /* WebViewViewController.swift */ = {isa = PBXFileReference; lastKnownFileType = sourcecode.swift; path = WebViewViewController.swift; sourceTree = "<group>"; };
		96321369298132B1003A07EB /* WebViewViewControllerDelegate.swift */ = {isa = PBXFileReference; lastKnownFileType = sourcecode.swift; path = WebViewViewControllerDelegate.swift; sourceTree = "<group>"; };
		9632136B2982453F003A07EB /* URLRequest+MakeHTTPRequest.swift */ = {isa = PBXFileReference; lastKnownFileType = sourcecode.swift; path = "URLRequest+MakeHTTPRequest.swift"; sourceTree = "<group>"; };
		9632136E29824715003A07EB /* OAuthTokenResponseBody.swift */ = {isa = PBXFileReference; lastKnownFileType = sourcecode.swift; path = OAuthTokenResponseBody.swift; sourceTree = "<group>"; };
		96321370298247AD003A07EB /* URLSession+DataTask.swift */ = {isa = PBXFileReference; lastKnownFileType = sourcecode.swift; path = "URLSession+DataTask.swift"; sourceTree = "<group>"; };
		9632137329824A05003A07EB /* OAuth2Service.swift */ = {isa = PBXFileReference; lastKnownFileType = sourcecode.swift; path = OAuth2Service.swift; sourceTree = "<group>"; };
		963213752983FB20003A07EB /* OAuth2TokenStorage.swift */ = {isa = PBXFileReference; lastKnownFileType = sourcecode.swift; path = OAuth2TokenStorage.swift; sourceTree = "<group>"; };
		964B295B29B1BA49001964E5 /* Date+ImagesListCellDateString.swift */ = {isa = PBXFileReference; lastKnownFileType = sourcecode.swift; path = "Date+ImagesListCellDateString.swift"; sourceTree = "<group>"; };
		964B295D29B1C465001964E5 /* Photo.swift */ = {isa = PBXFileReference; lastKnownFileType = sourcecode.swift; path = Photo.swift; sourceTree = "<group>"; };
		967679962990CAF500E21F6C /* UIBlockingProgressHUD.swift */ = {isa = PBXFileReference; lastKnownFileType = sourcecode.swift; path = UIBlockingProgressHUD.swift; sourceTree = "<group>"; };
		967679992990CEE100E21F6C /* ProfileDescriptionService.swift */ = {isa = PBXFileReference; lastKnownFileType = sourcecode.swift; path = ProfileDescriptionService.swift; sourceTree = "<group>"; };
		9676799D2990CF4200E21F6C /* ProfileResult.swift */ = {isa = PBXFileReference; lastKnownFileType = sourcecode.swift; path = ProfileResult.swift; sourceTree = "<group>"; };
		9676799F2990CF5900E21F6C /* Profile.swift */ = {isa = PBXFileReference; lastKnownFileType = sourcecode.swift; path = Profile.swift; sourceTree = "<group>"; };
		967679A42992047A00E21F6C /* ProfileImageService.swift */ = {isa = PBXFileReference; lastKnownFileType = sourcecode.swift; path = ProfileImageService.swift; sourceTree = "<group>"; };
		967679A7299204BF00E21F6C /* UserResult.swift */ = {isa = PBXFileReference; lastKnownFileType = sourcecode.swift; path = UserResult.swift; sourceTree = "<group>"; };
		967679A92993F9E500E21F6C /* URLSession+StartLoadingObject.swift */ = {isa = PBXFileReference; lastKnownFileType = sourcecode.swift; path = "URLSession+StartLoadingObject.swift"; sourceTree = "<group>"; };
		967679AD2993FF2500E21F6C /* AuthAlertPresenter.swift */ = {isa = PBXFileReference; lastKnownFileType = sourcecode.swift; path = AuthAlertPresenter.swift; sourceTree = "<group>"; };
		96859C952954A62700C468D8 /* DateFormatter+Extensions.swift */ = {isa = PBXFileReference; lastKnownFileType = sourcecode.swift; path = "DateFormatter+Extensions.swift"; sourceTree = "<group>"; };
		969A386829AF150800899597 /* LogoutAlertPresenter.swift */ = {isa = PBXFileReference; lastKnownFileType = sourcecode.swift; path = LogoutAlertPresenter.swift; sourceTree = "<group>"; };
		969A386A29AF151D00899597 /* AlertPresenterDelegate.swift */ = {isa = PBXFileReference; lastKnownFileType = sourcecode.swift; path = AlertPresenterDelegate.swift; sourceTree = "<group>"; };
		96AD1E1E295D9DD500947031 /* ProfileViewController.swift */ = {isa = PBXFileReference; lastKnownFileType = sourcecode.swift; path = ProfileViewController.swift; sourceTree = "<group>"; };
		96AD1E21295F41A700947031 /* SingleImageViewController.swift */ = {isa = PBXFileReference; lastKnownFileType = sourcecode.swift; path = SingleImageViewController.swift; sourceTree = "<group>"; };
		96BC124729542F1500AB1E8D /* ImagesListCell.swift */ = {isa = PBXFileReference; lastKnownFileType = sourcecode.swift; path = ImagesListCell.swift; sourceTree = "<group>"; };
		96DB1D6A29A39626005144AB /* URLSessionTask+IsStillRunning.swift */ = {isa = PBXFileReference; lastKnownFileType = sourcecode.swift; path = "URLSessionTask+IsStillRunning.swift"; sourceTree = "<group>"; };
		96DE47DD2961E94400FD7E28 /* UIColor+Extensions.swift */ = {isa = PBXFileReference; lastKnownFileType = sourcecode.swift; path = "UIColor+Extensions.swift"; sourceTree = "<group>"; };
		96DEA27629A886BF00DEFB5A /* Array+WithReplaced.swift */ = {isa = PBXFileReference; lastKnownFileType = sourcecode.swift; path = "Array+WithReplaced.swift"; sourceTree = "<group>"; };
		96DEA27A29AA29BD00DEFB5A /* TokenCleaner.swift */ = {isa = PBXFileReference; lastKnownFileType = sourcecode.swift; path = TokenCleaner.swift; sourceTree = "<group>"; };
		96DEA27C29ABC16600DEFB5A /* LoadingGradientAnimationView.swift */ = {isa = PBXFileReference; lastKnownFileType = sourcecode.swift; path = LoadingGradientAnimationView.swift; sourceTree = "<group>"; };
		96EF757F29A0A7D7005CAE89 /* PhotoResult.swift */ = {isa = PBXFileReference; lastKnownFileType = sourcecode.swift; path = PhotoResult.swift; sourceTree = "<group>"; };
/* End PBXFileReference section */

/* Begin PBXFrameworksBuildPhase section */
		961D0B96294D9F1E005A914D /* Frameworks */ = {
			isa = PBXFrameworksBuildPhase;
			buildActionMask = 2147483647;
			files = (
				962695B7299552F600A7650F /* Kingfisher in Frameworks */,
				9676792E298CE0F200E21F6C /* ProgressHUD in Frameworks */,
				962695BA2996001100A7650F /* SwiftKeychainWrapper in Frameworks */,
			);
			runOnlyForDeploymentPostprocessing = 0;
		};
/* End PBXFrameworksBuildPhase section */

/* Begin PBXGroup section */
		961D0B90294D9F1E005A914D = {
			isa = PBXGroup;
			children = (
				961D0B9B294D9F1E005A914D /* ImageFeed */,
				961D0B9A294D9F1E005A914D /* Products */,
			);
			sourceTree = "<group>";
		};
		961D0B9A294D9F1E005A914D /* Products */ = {
			isa = PBXGroup;
			children = (
				961D0B99294D9F1E005A914D /* ImageFeed.app */,
			);
			name = Products;
			sourceTree = "<group>";
		};
		961D0B9B294D9F1E005A914D /* ImageFeed */ = {
			isa = PBXGroup;
			children = (
				967679AB2993FDEF00E21F6C /* Presentation */,
				96321372298249F7003A07EB /* Services */,
				9632136D29824704003A07EB /* Models */,
				961D0BAA294D9F20005A914D /* Info.plist */,
				961D0B9C294D9F1E005A914D /* AppDelegate.swift */,
				961D0B9E294D9F1E005A914D /* SceneDelegate.swift */,
				961D0BA5294D9F20005A914D /* Assets.xcassets */,
				96859C942954A60E00C468D8 /* Helpers */,
				961D0BA2294D9F1E005A914D /* Main.storyboard */,
				961D0BA7294D9F20005A914D /* LaunchScreen.storyboard */,
			);
			path = ImageFeed;
			sourceTree = "<group>";
		};
		96271B4E2984F98800FA9ABE /* SplashViewController */ = {
			isa = PBXGroup;
			children = (
				96271B4C29841A1F00FA9ABE /* SplashViewController.swift */,
			);
			path = SplashViewController;
			sourceTree = "<group>";
		};
		96271B4F2984F99E00FA9ABE /* OAuth2 */ = {
			isa = PBXGroup;
			children = (
				963213752983FB20003A07EB /* OAuth2TokenStorage.swift */,
				9632137329824A05003A07EB /* OAuth2Service.swift */,
			);
			path = OAuth2;
			sourceTree = "<group>";
		};
		962FF2B429A0A069000CF9BE /* ImagesList */ = {
			isa = PBXGroup;
			children = (
				962FF2B529A0A07F000CF9BE /* ImagesListService.swift */,
			);
			path = ImagesList;
			sourceTree = "<group>";
		};
		963213642981205F003A07EB /* Authorization */ = {
			isa = PBXGroup;
			children = (
				963213652981207C003A07EB /* AuthViewController.swift */,
				9632136729812623003A07EB /* WebViewViewController.swift */,
				96321369298132B1003A07EB /* WebViewViewControllerDelegate.swift */,
			);
			path = Authorization;
			sourceTree = "<group>";
		};
		9632136D29824704003A07EB /* Models */ = {
			isa = PBXGroup;
			children = (
				96EF757E29A0A7C8005CAE89 /* Photo */,
				967679A6299204B800E21F6C /* User */,
				9676799C2990CF3500E21F6C /* Profile */,
				9676799B2990CF2700E21F6C /* OAuthToken */,
			);
			path = Models;
			sourceTree = "<group>";
		};
		96321372298249F7003A07EB /* Services */ = {
			isa = PBXGroup;
			children = (
				962FF2B429A0A069000CF9BE /* ImagesList */,
				967679AC2993FF1300E21F6C /* AlertPresenter */,
				967679A32992046F00E21F6C /* ProfileImage */,
				967679982990CEC900E21F6C /* ProfileDescription */,
				96271B4F2984F99E00FA9ABE /* OAuth2 */,
			);
			path = Services;
			sourceTree = "<group>";
		};
		967679982990CEC900E21F6C /* ProfileDescription */ = {
			isa = PBXGroup;
			children = (
				967679992990CEE100E21F6C /* ProfileDescriptionService.swift */,
			);
			path = ProfileDescription;
			sourceTree = "<group>";
		};
		9676799B2990CF2700E21F6C /* OAuthToken */ = {
			isa = PBXGroup;
			children = (
				9632136E29824715003A07EB /* OAuthTokenResponseBody.swift */,
			);
			path = OAuthToken;
			sourceTree = "<group>";
		};
		9676799C2990CF3500E21F6C /* Profile */ = {
			isa = PBXGroup;
			children = (
				9676799D2990CF4200E21F6C /* ProfileResult.swift */,
				9676799F2990CF5900E21F6C /* Profile.swift */,
			);
			path = Profile;
			sourceTree = "<group>";
		};
		967679A32992046F00E21F6C /* ProfileImage */ = {
			isa = PBXGroup;
			children = (
				967679A42992047A00E21F6C /* ProfileImageService.swift */,
			);
			path = ProfileImage;
			sourceTree = "<group>";
		};
		967679A6299204B800E21F6C /* User */ = {
			isa = PBXGroup;
			children = (
				967679A7299204BF00E21F6C /* UserResult.swift */,
			);
			path = User;
			sourceTree = "<group>";
		};
		967679AB2993FDEF00E21F6C /* Presentation */ = {
			isa = PBXGroup;
			children = (
				96AD1E1D295D9DB700947031 /* ProfileViewController */,
				96BC124929542F2D00AB1E8D /* ImagesListViewController */,
				963213642981205F003A07EB /* Authorization */,
				96271B4E2984F98800FA9ABE /* SplashViewController */,
				962695BB299603A300A7650F /* TabBarController.swift */,
				96DEA27C29ABC16600DEFB5A /* LoadingGradientAnimationView.swift */,
			);
			path = Presentation;
			sourceTree = "<group>";
		};
		967679AC2993FF1300E21F6C /* AlertPresenter */ = {
			isa = PBXGroup;
			children = (
				967679AD2993FF2500E21F6C /* AuthAlertPresenter.swift */,
				969A386829AF150800899597 /* LogoutAlertPresenter.swift */,
				969A386A29AF151D00899597 /* AlertPresenterDelegate.swift */,
			);
			path = AlertPresenter;
			sourceTree = "<group>";
		};
		96859C942954A60E00C468D8 /* Helpers */ = {
			isa = PBXGroup;
			children = (
				96859C952954A62700C468D8 /* DateFormatter+Extensions.swift */,
				96DE47DD2961E94400FD7E28 /* UIColor+Extensions.swift */,
				96321362297D22B0003A07EB /* Constants.swift */,
				9632136B2982453F003A07EB /* URLRequest+MakeHTTPRequest.swift */,
				96321370298247AD003A07EB /* URLSession+DataTask.swift */,
				967679A92993F9E500E21F6C /* URLSession+StartLoadingObject.swift */,
				967679962990CAF500E21F6C /* UIBlockingProgressHUD.swift */,
				96DB1D6A29A39626005144AB /* URLSessionTask+IsStillRunning.swift */,
				96DEA27629A886BF00DEFB5A /* Array+WithReplaced.swift */,
				96DEA27A29AA29BD00DEFB5A /* TokenCleaner.swift */,
				964B295B29B1BA49001964E5 /* Date+ImagesListCellDateString.swift */,
			);
			path = Helpers;
			sourceTree = "<group>";
		};
		96AD1E1D295D9DB700947031 /* ProfileViewController */ = {
			isa = PBXGroup;
			children = (
				96AD1E1E295D9DD500947031 /* ProfileViewController.swift */,
			);
			path = ProfileViewController;
			sourceTree = "<group>";
		};
		96AD1E20295F419400947031 /* SingleImage */ = {
			isa = PBXGroup;
			children = (
				96AD1E21295F41A700947031 /* SingleImageViewController.swift */,
			);
			path = SingleImage;
			sourceTree = "<group>";
		};
		96BC124929542F2D00AB1E8D /* ImagesListViewController */ = {
			isa = PBXGroup;
			children = (
				96BC124729542F1500AB1E8D /* ImagesListCell.swift */,
				961D0BA0294D9F1E005A914D /* ImagesListViewController.swift */,
				96AD1E20295F419400947031 /* SingleImage */,
			);
			path = ImagesListViewController;
			sourceTree = "<group>";
		};
		96EF757E29A0A7C8005CAE89 /* Photo */ = {
			isa = PBXGroup;
			children = (
				96EF757F29A0A7D7005CAE89 /* PhotoResult.swift */,
				964B295D29B1C465001964E5 /* Photo.swift */,
			);
			path = Photo;
			sourceTree = "<group>";
		};
/* End PBXGroup section */

/* Begin PBXNativeTarget section */
		961D0B98294D9F1E005A914D /* ImageFeed */ = {
			isa = PBXNativeTarget;
			buildConfigurationList = 961D0BAD294D9F20005A914D /* Build configuration list for PBXNativeTarget "ImageFeed" */;
			buildPhases = (
				961D0B95294D9F1E005A914D /* Sources */,
				961D0B96294D9F1E005A914D /* Frameworks */,
				961D0B97294D9F1E005A914D /* Resources */,
			);
			buildRules = (
			);
			dependencies = (
			);
			name = ImageFeed;
			packageProductDependencies = (
				9676792D298CE0F200E21F6C /* ProgressHUD */,
				962695B6299552F600A7650F /* Kingfisher */,
				962695B92996001100A7650F /* SwiftKeychainWrapper */,
			);
			productName = ImageFeed;
			productReference = 961D0B99294D9F1E005A914D /* ImageFeed.app */;
			productType = "com.apple.product-type.application";
		};
/* End PBXNativeTarget section */

/* Begin PBXProject section */
		961D0B91294D9F1E005A914D /* Project object */ = {
			isa = PBXProject;
			attributes = {
				BuildIndependentTargetsInParallel = 1;
				LastSwiftUpdateCheck = 1340;
				LastUpgradeCheck = 1340;
				TargetAttributes = {
					961D0B98294D9F1E005A914D = {
						CreatedOnToolsVersion = 13.4.1;
					};
				};
			};
			buildConfigurationList = 961D0B94294D9F1E005A914D /* Build configuration list for PBXProject "ImageFeed" */;
			compatibilityVersion = "Xcode 13.0";
			developmentRegion = en;
			hasScannedForEncodings = 0;
			knownRegions = (
				en,
				Base,
			);
			mainGroup = 961D0B90294D9F1E005A914D;
			packageReferences = (
				9676792C298CE0F200E21F6C /* XCRemoteSwiftPackageReference "ProgressHUD" */,
				962695B5299552F600A7650F /* XCRemoteSwiftPackageReference "Kingfisher" */,
				962695B82996001100A7650F /* XCRemoteSwiftPackageReference "SwiftKeychainWrapper" */,
			);
			productRefGroup = 961D0B9A294D9F1E005A914D /* Products */;
			projectDirPath = "";
			projectRoot = "";
			targets = (
				961D0B98294D9F1E005A914D /* ImageFeed */,
			);
		};
/* End PBXProject section */

/* Begin PBXResourcesBuildPhase section */
		961D0B97294D9F1E005A914D /* Resources */ = {
			isa = PBXResourcesBuildPhase;
			buildActionMask = 2147483647;
			files = (
				961D0BA9294D9F20005A914D /* LaunchScreen.storyboard in Resources */,
				961D0BA6294D9F20005A914D /* Assets.xcassets in Resources */,
				961D0BA4294D9F1E005A914D /* Main.storyboard in Resources */,
			);
			runOnlyForDeploymentPostprocessing = 0;
		};
/* End PBXResourcesBuildPhase section */

/* Begin PBXSourcesBuildPhase section */
		961D0B95294D9F1E005A914D /* Sources */ = {
			isa = PBXSourcesBuildPhase;
			buildActionMask = 2147483647;
			files = (
				96AD1E1F295D9DD500947031 /* ProfileViewController.swift in Sources */,
				964B295E29B1C465001964E5 /* Photo.swift in Sources */,
				967679AA2993F9E500E21F6C /* URLSession+StartLoadingObject.swift in Sources */,
				961D0BA1294D9F1E005A914D /* ImagesListViewController.swift in Sources */,
				962695BC299603A300A7650F /* TabBarController.swift in Sources */,
				9632137429824A05003A07EB /* OAuth2Service.swift in Sources */,
				96271B4D29841A1F00FA9ABE /* SplashViewController.swift in Sources */,
				963213662981207C003A07EB /* AuthViewController.swift in Sources */,
				96DEA27D29ABC16600DEFB5A /* LoadingGradientAnimationView.swift in Sources */,
				96BC124829542F1500AB1E8D /* ImagesListCell.swift in Sources */,
				96DEA27B29AA29BD00DEFB5A /* TokenCleaner.swift in Sources */,
				967679AE2993FF2500E21F6C /* AuthAlertPresenter.swift in Sources */,
				9632136829812623003A07EB /* WebViewViewController.swift in Sources */,
				96DEA27729A886BF00DEFB5A /* Array+WithReplaced.swift in Sources */,
				963213762983FB20003A07EB /* OAuth2TokenStorage.swift in Sources */,
				96DB1D6B29A39626005144AB /* URLSessionTask+IsStillRunning.swift in Sources */,
				96DE47DE2961E94400FD7E28 /* UIColor+Extensions.swift in Sources */,
				9676799A2990CEE100E21F6C /* ProfileDescriptionService.swift in Sources */,
				967679972990CAF500E21F6C /* UIBlockingProgressHUD.swift in Sources */,
				967679A52992047A00E21F6C /* ProfileImageService.swift in Sources */,
				96AD1E22295F41A700947031 /* SingleImageViewController.swift in Sources */,
				96EF758029A0A7D7005CAE89 /* PhotoResult.swift in Sources */,
				96321371298247AD003A07EB /* URLSession+DataTask.swift in Sources */,
				9676799E2990CF4200E21F6C /* ProfileResult.swift in Sources */,
				969A386B29AF151D00899597 /* AlertPresenterDelegate.swift in Sources */,
				961D0B9D294D9F1E005A914D /* AppDelegate.swift in Sources */,
				961D0B9F294D9F1E005A914D /* SceneDelegate.swift in Sources */,
				964B295C29B1BA49001964E5 /* Date+ImagesListCellDateString.swift in Sources */,
				967679A8299204BF00E21F6C /* UserResult.swift in Sources */,
				96859C962954A62700C468D8 /* DateFormatter+Extensions.swift in Sources */,
				969A386929AF150800899597 /* LogoutAlertPresenter.swift in Sources */,
				9632136F29824715003A07EB /* OAuthTokenResponseBody.swift in Sources */,
				9632136A298132B1003A07EB /* WebViewViewControllerDelegate.swift in Sources */,
				967679A02990CF5900E21F6C /* Profile.swift in Sources */,
				962FF2B629A0A07F000CF9BE /* ImagesListService.swift in Sources */,
				9632136C2982453F003A07EB /* URLRequest+MakeHTTPRequest.swift in Sources */,
				96321363297D22B0003A07EB /* Constants.swift in Sources */,
			);
			runOnlyForDeploymentPostprocessing = 0;
		};
/* End PBXSourcesBuildPhase section */

/* Begin PBXVariantGroup section */
		961D0BA2294D9F1E005A914D /* Main.storyboard */ = {
			isa = PBXVariantGroup;
			children = (
				961D0BA3294D9F1E005A914D /* Base */,
			);
			name = Main.storyboard;
			sourceTree = "<group>";
		};
		961D0BA7294D9F20005A914D /* LaunchScreen.storyboard */ = {
			isa = PBXVariantGroup;
			children = (
				961D0BA8294D9F20005A914D /* Base */,
			);
			name = LaunchScreen.storyboard;
			sourceTree = "<group>";
		};
/* End PBXVariantGroup section */

/* Begin XCBuildConfiguration section */
		961D0BAB294D9F20005A914D /* Debug */ = {
			isa = XCBuildConfiguration;
			buildSettings = {
				ALWAYS_SEARCH_USER_PATHS = NO;
				CLANG_ANALYZER_NONNULL = YES;
				CLANG_ANALYZER_NUMBER_OBJECT_CONVERSION = YES_AGGRESSIVE;
				CLANG_CXX_LANGUAGE_STANDARD = "gnu++17";
				CLANG_ENABLE_MODULES = YES;
				CLANG_ENABLE_OBJC_ARC = YES;
				CLANG_ENABLE_OBJC_WEAK = YES;
				CLANG_WARN_BLOCK_CAPTURE_AUTORELEASING = YES;
				CLANG_WARN_BOOL_CONVERSION = YES;
				CLANG_WARN_COMMA = YES;
				CLANG_WARN_CONSTANT_CONVERSION = YES;
				CLANG_WARN_DEPRECATED_OBJC_IMPLEMENTATIONS = YES;
				CLANG_WARN_DIRECT_OBJC_ISA_USAGE = YES_ERROR;
				CLANG_WARN_DOCUMENTATION_COMMENTS = YES;
				CLANG_WARN_EMPTY_BODY = YES;
				CLANG_WARN_ENUM_CONVERSION = YES;
				CLANG_WARN_INFINITE_RECURSION = YES;
				CLANG_WARN_INT_CONVERSION = YES;
				CLANG_WARN_NON_LITERAL_NULL_CONVERSION = YES;
				CLANG_WARN_OBJC_IMPLICIT_RETAIN_SELF = YES;
				CLANG_WARN_OBJC_LITERAL_CONVERSION = YES;
				CLANG_WARN_OBJC_ROOT_CLASS = YES_ERROR;
				CLANG_WARN_QUOTED_INCLUDE_IN_FRAMEWORK_HEADER = YES;
				CLANG_WARN_RANGE_LOOP_ANALYSIS = YES;
				CLANG_WARN_STRICT_PROTOTYPES = YES;
				CLANG_WARN_SUSPICIOUS_MOVE = YES;
				CLANG_WARN_UNGUARDED_AVAILABILITY = YES_AGGRESSIVE;
				CLANG_WARN_UNREACHABLE_CODE = YES;
				CLANG_WARN__DUPLICATE_METHOD_MATCH = YES;
				COPY_PHASE_STRIP = NO;
				DEBUG_INFORMATION_FORMAT = dwarf;
				ENABLE_STRICT_OBJC_MSGSEND = YES;
				ENABLE_TESTABILITY = YES;
				GCC_C_LANGUAGE_STANDARD = gnu11;
				GCC_DYNAMIC_NO_PIC = NO;
				GCC_NO_COMMON_BLOCKS = YES;
				GCC_OPTIMIZATION_LEVEL = 0;
				GCC_PREPROCESSOR_DEFINITIONS = (
					"DEBUG=1",
					"$(inherited)",
				);
				GCC_WARN_64_TO_32_BIT_CONVERSION = YES;
				GCC_WARN_ABOUT_RETURN_TYPE = YES_ERROR;
				GCC_WARN_UNDECLARED_SELECTOR = YES;
				GCC_WARN_UNINITIALIZED_AUTOS = YES_AGGRESSIVE;
				GCC_WARN_UNUSED_FUNCTION = YES;
				GCC_WARN_UNUSED_VARIABLE = YES;
				IPHONEOS_DEPLOYMENT_TARGET = 15.5;
				MTL_ENABLE_DEBUG_INFO = INCLUDE_SOURCE;
				MTL_FAST_MATH = YES;
				ONLY_ACTIVE_ARCH = YES;
				SDKROOT = iphoneos;
				SWIFT_ACTIVE_COMPILATION_CONDITIONS = DEBUG;
				SWIFT_OPTIMIZATION_LEVEL = "-Onone";
			};
			name = Debug;
		};
		961D0BAC294D9F20005A914D /* Release */ = {
			isa = XCBuildConfiguration;
			buildSettings = {
				ALWAYS_SEARCH_USER_PATHS = NO;
				CLANG_ANALYZER_NONNULL = YES;
				CLANG_ANALYZER_NUMBER_OBJECT_CONVERSION = YES_AGGRESSIVE;
				CLANG_CXX_LANGUAGE_STANDARD = "gnu++17";
				CLANG_ENABLE_MODULES = YES;
				CLANG_ENABLE_OBJC_ARC = YES;
				CLANG_ENABLE_OBJC_WEAK = YES;
				CLANG_WARN_BLOCK_CAPTURE_AUTORELEASING = YES;
				CLANG_WARN_BOOL_CONVERSION = YES;
				CLANG_WARN_COMMA = YES;
				CLANG_WARN_CONSTANT_CONVERSION = YES;
				CLANG_WARN_DEPRECATED_OBJC_IMPLEMENTATIONS = YES;
				CLANG_WARN_DIRECT_OBJC_ISA_USAGE = YES_ERROR;
				CLANG_WARN_DOCUMENTATION_COMMENTS = YES;
				CLANG_WARN_EMPTY_BODY = YES;
				CLANG_WARN_ENUM_CONVERSION = YES;
				CLANG_WARN_INFINITE_RECURSION = YES;
				CLANG_WARN_INT_CONVERSION = YES;
				CLANG_WARN_NON_LITERAL_NULL_CONVERSION = YES;
				CLANG_WARN_OBJC_IMPLICIT_RETAIN_SELF = YES;
				CLANG_WARN_OBJC_LITERAL_CONVERSION = YES;
				CLANG_WARN_OBJC_ROOT_CLASS = YES_ERROR;
				CLANG_WARN_QUOTED_INCLUDE_IN_FRAMEWORK_HEADER = YES;
				CLANG_WARN_RANGE_LOOP_ANALYSIS = YES;
				CLANG_WARN_STRICT_PROTOTYPES = YES;
				CLANG_WARN_SUSPICIOUS_MOVE = YES;
				CLANG_WARN_UNGUARDED_AVAILABILITY = YES_AGGRESSIVE;
				CLANG_WARN_UNREACHABLE_CODE = YES;
				CLANG_WARN__DUPLICATE_METHOD_MATCH = YES;
				COPY_PHASE_STRIP = NO;
				DEBUG_INFORMATION_FORMAT = "dwarf-with-dsym";
				ENABLE_NS_ASSERTIONS = NO;
				ENABLE_STRICT_OBJC_MSGSEND = YES;
				GCC_C_LANGUAGE_STANDARD = gnu11;
				GCC_NO_COMMON_BLOCKS = YES;
				GCC_WARN_64_TO_32_BIT_CONVERSION = YES;
				GCC_WARN_ABOUT_RETURN_TYPE = YES_ERROR;
				GCC_WARN_UNDECLARED_SELECTOR = YES;
				GCC_WARN_UNINITIALIZED_AUTOS = YES_AGGRESSIVE;
				GCC_WARN_UNUSED_FUNCTION = YES;
				GCC_WARN_UNUSED_VARIABLE = YES;
				IPHONEOS_DEPLOYMENT_TARGET = 15.5;
				MTL_ENABLE_DEBUG_INFO = NO;
				MTL_FAST_MATH = YES;
				SDKROOT = iphoneos;
				SWIFT_COMPILATION_MODE = wholemodule;
				SWIFT_OPTIMIZATION_LEVEL = "-O";
				VALIDATE_PRODUCT = YES;
			};
			name = Release;
		};
		961D0BAE294D9F20005A914D /* Debug */ = {
			isa = XCBuildConfiguration;
			buildSettings = {
				ASSETCATALOG_COMPILER_APPICON_NAME = AppIcon;
				ASSETCATALOG_COMPILER_GLOBAL_ACCENT_COLOR_NAME = AccentColor;
				CODE_SIGN_STYLE = Automatic;
				CURRENT_PROJECT_VERSION = 1;
				DEVELOPMENT_TEAM = G5T3Z588PS;
				GENERATE_INFOPLIST_FILE = YES;
				INFOPLIST_FILE = ImageFeed/Info.plist;
				INFOPLIST_KEY_UIApplicationSupportsIndirectInputEvents = YES;
				INFOPLIST_KEY_UILaunchStoryboardName = LaunchScreen;
				INFOPLIST_KEY_UIMainStoryboardFile = Main;
				INFOPLIST_KEY_UISupportedInterfaceOrientations = UIInterfaceOrientationPortrait;
				INFOPLIST_KEY_UISupportedInterfaceOrientations_iPad = "UIInterfaceOrientationPortrait UIInterfaceOrientationPortraitUpsideDown UIInterfaceOrientationLandscapeLeft UIInterfaceOrientationLandscapeRight";
				INFOPLIST_KEY_UISupportedInterfaceOrientations_iPhone = UIInterfaceOrientationPortrait;
				IPHONEOS_DEPLOYMENT_TARGET = 13.0;
				LD_RUNPATH_SEARCH_PATHS = (
					"$(inherited)",
					"@executable_path/Frameworks",
				);
				MARKETING_VERSION = 1.0;
				PRODUCT_BUNDLE_IDENTIFIER = com.github.SASHKEVICH.ImageFeed;
				PRODUCT_NAME = "$(TARGET_NAME)";
				SWIFT_EMIT_LOC_STRINGS = YES;
				SWIFT_VERSION = 5.0;
				TARGETED_DEVICE_FAMILY = 1;
			};
			name = Debug;
		};
		961D0BAF294D9F20005A914D /* Release */ = {
			isa = XCBuildConfiguration;
			buildSettings = {
				ASSETCATALOG_COMPILER_APPICON_NAME = AppIcon;
				ASSETCATALOG_COMPILER_GLOBAL_ACCENT_COLOR_NAME = AccentColor;
				CODE_SIGN_STYLE = Automatic;
				CURRENT_PROJECT_VERSION = 1;
				DEVELOPMENT_TEAM = G5T3Z588PS;
				GENERATE_INFOPLIST_FILE = YES;
				INFOPLIST_FILE = ImageFeed/Info.plist;
				INFOPLIST_KEY_UIApplicationSupportsIndirectInputEvents = YES;
				INFOPLIST_KEY_UILaunchStoryboardName = LaunchScreen;
				INFOPLIST_KEY_UIMainStoryboardFile = Main;
				INFOPLIST_KEY_UISupportedInterfaceOrientations = UIInterfaceOrientationPortrait;
				INFOPLIST_KEY_UISupportedInterfaceOrientations_iPad = "UIInterfaceOrientationPortrait UIInterfaceOrientationPortraitUpsideDown UIInterfaceOrientationLandscapeLeft UIInterfaceOrientationLandscapeRight";
				INFOPLIST_KEY_UISupportedInterfaceOrientations_iPhone = UIInterfaceOrientationPortrait;
				IPHONEOS_DEPLOYMENT_TARGET = 13.0;
				LD_RUNPATH_SEARCH_PATHS = (
					"$(inherited)",
					"@executable_path/Frameworks",
				);
				MARKETING_VERSION = 1.0;
				PRODUCT_BUNDLE_IDENTIFIER = com.github.SASHKEVICH.ImageFeed;
				PRODUCT_NAME = "$(TARGET_NAME)";
				SWIFT_EMIT_LOC_STRINGS = YES;
				SWIFT_VERSION = 5.0;
				TARGETED_DEVICE_FAMILY = 1;
			};
			name = Release;
		};
/* End XCBuildConfiguration section */

/* Begin XCConfigurationList section */
		961D0B94294D9F1E005A914D /* Build configuration list for PBXProject "ImageFeed" */ = {
			isa = XCConfigurationList;
			buildConfigurations = (
				961D0BAB294D9F20005A914D /* Debug */,
				961D0BAC294D9F20005A914D /* Release */,
			);
			defaultConfigurationIsVisible = 0;
			defaultConfigurationName = Release;
		};
		961D0BAD294D9F20005A914D /* Build configuration list for PBXNativeTarget "ImageFeed" */ = {
			isa = XCConfigurationList;
			buildConfigurations = (
				961D0BAE294D9F20005A914D /* Debug */,
				961D0BAF294D9F20005A914D /* Release */,
			);
			defaultConfigurationIsVisible = 0;
			defaultConfigurationName = Release;
		};
/* End XCConfigurationList section */

/* Begin XCRemoteSwiftPackageReference section */
		962695B5299552F600A7650F /* XCRemoteSwiftPackageReference "Kingfisher" */ = {
			isa = XCRemoteSwiftPackageReference;
			repositoryURL = "https://github.com/onevcat/Kingfisher";
			requirement = {
				kind = exactVersion;
				version = 7.6.0;
			};
		};
		962695B82996001100A7650F /* XCRemoteSwiftPackageReference "SwiftKeychainWrapper" */ = {
			isa = XCRemoteSwiftPackageReference;
			repositoryURL = "https://github.com/jrendel/SwiftKeychainWrapper";
			requirement = {
				kind = exactVersion;
				version = 4.0.1;
			};
		};
		9676792C298CE0F200E21F6C /* XCRemoteSwiftPackageReference "ProgressHUD" */ = {
			isa = XCRemoteSwiftPackageReference;
			repositoryURL = "https://github.com/relatedcode/ProgressHUD";
			requirement = {
				kind = exactVersion;
				version = 13.6.2;
			};
		};
/* End XCRemoteSwiftPackageReference section */

/* Begin XCSwiftPackageProductDependency section */
		962695B6299552F600A7650F /* Kingfisher */ = {
			isa = XCSwiftPackageProductDependency;
			package = 962695B5299552F600A7650F /* XCRemoteSwiftPackageReference "Kingfisher" */;
			productName = Kingfisher;
		};
		962695B92996001100A7650F /* SwiftKeychainWrapper */ = {
			isa = XCSwiftPackageProductDependency;
			package = 962695B82996001100A7650F /* XCRemoteSwiftPackageReference "SwiftKeychainWrapper" */;
			productName = SwiftKeychainWrapper;
		};
		9676792D298CE0F200E21F6C /* ProgressHUD */ = {
			isa = XCSwiftPackageProductDependency;
			package = 9676792C298CE0F200E21F6C /* XCRemoteSwiftPackageReference "ProgressHUD" */;
			productName = ProgressHUD;
		};
/* End XCSwiftPackageProductDependency section */
	};
	rootObject = 961D0B91294D9F1E005A914D /* Project object */;
}
