// !$*UTF8*$!
{
	archiveVersion = 1;
	classes = {
	};
	objectVersion = 55;
	objects = {

/* Begin PBXBuildFile section */
		961D0B9D294D9F1E005A914D /* AppDelegate.swift in Sources */ = {isa = PBXBuildFile; fileRef = 961D0B9C294D9F1E005A914D /* AppDelegate.swift */; };
		961D0B9F294D9F1E005A914D /* SceneDelegate.swift in Sources */ = {isa = PBXBuildFile; fileRef = 961D0B9E294D9F1E005A914D /* SceneDelegate.swift */; };
		961D0BA1294D9F1E005A914D /* ImagesListViewController.swift in Sources */ = {isa = PBXBuildFile; fileRef = 961D0BA0294D9F1E005A914D /* ImagesListViewController.swift */; };
		961D0BA4294D9F1E005A914D /* Main.storyboard in Resources */ = {isa = PBXBuildFile; fileRef = 961D0BA2294D9F1E005A914D /* Main.storyboard */; };
		961D0BA6294D9F20005A914D /* Assets.xcassets in Resources */ = {isa = PBXBuildFile; fileRef = 961D0BA5294D9F20005A914D /* Assets.xcassets */; };
		961D0BA9294D9F20005A914D /* LaunchScreen.storyboard in Resources */ = {isa = PBXBuildFile; fileRef = 961D0BA7294D9F20005A914D /* LaunchScreen.storyboard */; };
		96859C962954A62700C468D8 /* DateFormatter+Extensions.swift in Sources */ = {isa = PBXBuildFile; fileRef = 96859C952954A62700C468D8 /* DateFormatter+Extensions.swift */; };
		96AD1E1F295D9DD500947031 /* ProfileViewController.swift in Sources */ = {isa = PBXBuildFile; fileRef = 96AD1E1E295D9DD500947031 /* ProfileViewController.swift */; };
		96AD1E22295F41A700947031 /* SingleimageViewController.swift in Sources */ = {isa = PBXBuildFile; fileRef = 96AD1E21295F41A700947031 /* SingleimageViewController.swift */; };
		96BC124829542F1500AB1E8D /* ImagesListCell.swift in Sources */ = {isa = PBXBuildFile; fileRef = 96BC124729542F1500AB1E8D /* ImagesListCell.swift */; };
/* End PBXBuildFile section */

/* Begin PBXFileReference section */
		961D0B99294D9F1E005A914D /* ImageFeed.app */ = {isa = PBXFileReference; explicitFileType = wrapper.application; includeInIndex = 0; path = ImageFeed.app; sourceTree = BUILT_PRODUCTS_DIR; };
		961D0B9C294D9F1E005A914D /* AppDelegate.swift */ = {isa = PBXFileReference; lastKnownFileType = sourcecode.swift; path = AppDelegate.swift; sourceTree = "<group>"; };
		961D0B9E294D9F1E005A914D /* SceneDelegate.swift */ = {isa = PBXFileReference; lastKnownFileType = sourcecode.swift; path = SceneDelegate.swift; sourceTree = "<group>"; };
		961D0BA0294D9F1E005A914D /* ImagesListViewController.swift */ = {isa = PBXFileReference; lastKnownFileType = sourcecode.swift; path = ImagesListViewController.swift; sourceTree = "<group>"; };
		961D0BA3294D9F1E005A914D /* Base */ = {isa = PBXFileReference; lastKnownFileType = file.storyboard; name = Base; path = Base.lproj/Main.storyboard; sourceTree = "<group>"; };
		961D0BA5294D9F20005A914D /* Assets.xcassets */ = {isa = PBXFileReference; lastKnownFileType = folder.assetcatalog; path = Assets.xcassets; sourceTree = "<group>"; };
		961D0BA8294D9F20005A914D /* Base */ = {isa = PBXFileReference; lastKnownFileType = file.storyboard; name = Base; path = Base.lproj/LaunchScreen.storyboard; sourceTree = "<group>"; };
		961D0BAA294D9F20005A914D /* Info.plist */ = {isa = PBXFileReference; lastKnownFileType = text.plist.xml; path = Info.plist; sourceTree = "<group>"; };
		96859C952954A62700C468D8 /* DateFormatter+Extensions.swift */ = {isa = PBXFileReference; lastKnownFileType = sourcecode.swift; path = "DateFormatter+Extensions.swift"; sourceTree = "<group>"; };
		96AD1E1E295D9DD500947031 /* ProfileViewController.swift */ = {isa = PBXFileReference; lastKnownFileType = sourcecode.swift; path = ProfileViewController.swift; sourceTree = "<group>"; };
		96AD1E21295F41A700947031 /* SingleimageViewController.swift */ = {isa = PBXFileReference; lastKnownFileType = sourcecode.swift; path = SingleimageViewController.swift; sourceTree = "<group>"; };
		96BC124729542F1500AB1E8D /* ImagesListCell.swift */ = {isa = PBXFileReference; lastKnownFileType = sourcecode.swift; path = ImagesListCell.swift; sourceTree = "<group>"; };
/* End PBXFileReference section */

/* Begin PBXFrameworksBuildPhase section */
		961D0B96294D9F1E005A914D /* Frameworks */ = {
			isa = PBXFrameworksBuildPhase;
			buildActionMask = 2147483647;
			files = (
			);
			runOnlyForDeploymentPostprocessing = 0;
		};
/* End PBXFrameworksBuildPhase section */

/* Begin PBXGroup section */
		961D0B90294D9F1E005A914D = {
			isa = PBXGroup;
			children = (
				961D0B9B294D9F1E005A914D /* ImageFeed */,
				961D0B9A294D9F1E005A914D /* Products */,
			);
			sourceTree = "<group>";
		};
		961D0B9A294D9F1E005A914D /* Products */ = {
			isa = PBXGroup;
			children = (
				961D0B99294D9F1E005A914D /* ImageFeed.app */,
			);
			name = Products;
			sourceTree = "<group>";
		};
		961D0B9B294D9F1E005A914D /* ImageFeed */ = {
			isa = PBXGroup;
			children = (
				96AD1E1D295D9DB700947031 /* Profile */,
				96859C942954A60E00C468D8 /* Helpers */,
				96BC124929542F2D00AB1E8D /* ImagesList */,
				961D0B9C294D9F1E005A914D /* AppDelegate.swift */,
				961D0B9E294D9F1E005A914D /* SceneDelegate.swift */,
				961D0BA2294D9F1E005A914D /* Main.storyboard */,
				961D0BA5294D9F20005A914D /* Assets.xcassets */,
				961D0BA7294D9F20005A914D /* LaunchScreen.storyboard */,
				961D0BAA294D9F20005A914D /* Info.plist */,
			);
			path = ImageFeed;
			sourceTree = "<group>";
		};
		96859C942954A60E00C468D8 /* Helpers */ = {
			isa = PBXGroup;
			children = (
				96859C952954A62700C468D8 /* DateFormatter+Extensions.swift */,
			);
			path = Helpers;
			sourceTree = "<group>";
		};
		96AD1E1D295D9DB700947031 /* Profile */ = {
			isa = PBXGroup;
			children = (
				96AD1E1E295D9DD500947031 /* ProfileViewController.swift */,
			);
			path = Profile;
			sourceTree = "<group>";
		};
		96AD1E20295F419400947031 /* SingleImage */ = {
			isa = PBXGroup;
			children = (
				96AD1E21295F41A700947031 /* SingleimageViewController.swift */,
			);
			path = SingleImage;
			sourceTree = "<group>";
		};
		96BC124929542F2D00AB1E8D /* ImagesList */ = {
			isa = PBXGroup;
			children = (
				96BC124729542F1500AB1E8D /* ImagesListCell.swift */,
				961D0BA0294D9F1E005A914D /* ImagesListViewController.swift */,
				96AD1E20295F419400947031 /* SingleImage */,
			);
			path = ImagesList;
			sourceTree = "<group>";
		};
/* End PBXGroup section */

/* Begin PBXNativeTarget section */
		961D0B98294D9F1E005A914D /* ImageFeed */ = {
			isa = PBXNativeTarget;
			buildConfigurationList = 961D0BAD294D9F20005A914D /* Build configuration list for PBXNativeTarget "ImageFeed" */;
			buildPhases = (
				961D0B95294D9F1E005A914D /* Sources */,
				961D0B96294D9F1E005A914D /* Frameworks */,
				961D0B97294D9F1E005A914D /* Resources */,
			);
			buildRules = (
			);
			dependencies = (
			);
			name = ImageFeed;
			productName = ImageFeed;
			productReference = 961D0B99294D9F1E005A914D /* ImageFeed.app */;
			productType = "com.apple.product-type.application";
		};
/* End PBXNativeTarget section */

/* Begin PBXProject section */
		961D0B91294D9F1E005A914D /* Project object */ = {
			isa = PBXProject;
			attributes = {
				BuildIndependentTargetsInParallel = 1;
				LastSwiftUpdateCheck = 1340;
				LastUpgradeCheck = 1340;
				TargetAttributes = {
					961D0B98294D9F1E005A914D = {
						CreatedOnToolsVersion = 13.4.1;
					};
				};
			};
			buildConfigurationList = 961D0B94294D9F1E005A914D /* Build configuration list for PBXProject "ImageFeed" */;
			compatibilityVersion = "Xcode 13.0";
			developmentRegion = en;
			hasScannedForEncodings = 0;
			knownRegions = (
				en,
				Base,
			);
			mainGroup = 961D0B90294D9F1E005A914D;
			productRefGroup = 961D0B9A294D9F1E005A914D /* Products */;
			projectDirPath = "";
			projectRoot = "";
			targets = (
				961D0B98294D9F1E005A914D /* ImageFeed */,
			);
		};
/* End PBXProject section */

/* Begin PBXResourcesBuildPhase section */
		961D0B97294D9F1E005A914D /* Resources */ = {
			isa = PBXResourcesBuildPhase;
			buildActionMask = 2147483647;
			files = (
				961D0BA9294D9F20005A914D /* LaunchScreen.storyboard in Resources */,
				961D0BA6294D9F20005A914D /* Assets.xcassets in Resources */,
				961D0BA4294D9F1E005A914D /* Main.storyboard in Resources */,
			);
			runOnlyForDeploymentPostprocessing = 0;
		};
/* End PBXResourcesBuildPhase section */

/* Begin PBXSourcesBuildPhase section */
		961D0B95294D9F1E005A914D /* Sources */ = {
			isa = PBXSourcesBuildPhase;
			buildActionMask = 2147483647;
			files = (
				96AD1E1F295D9DD500947031 /* ProfileViewController.swift in Sources */,
				961D0BA1294D9F1E005A914D /* ImagesListViewController.swift in Sources */,
				96BC124829542F1500AB1E8D /* ImagesListCell.swift in Sources */,
				96AD1E22295F41A700947031 /* SingleimageViewController.swift in Sources */,
				961D0B9D294D9F1E005A914D /* AppDelegate.swift in Sources */,
				961D0B9F294D9F1E005A914D /* SceneDelegate.swift in Sources */,
				96859C962954A62700C468D8 /* DateFormatter+Extensions.swift in Sources */,
			);
			runOnlyForDeploymentPostprocessing = 0;
		};
/* End PBXSourcesBuildPhase section */

/* Begin PBXVariantGroup section */
		961D0BA2294D9F1E005A914D /* Main.storyboard */ = {
			isa = PBXVariantGroup;
			children = (
				961D0BA3294D9F1E005A914D /* Base */,
			);
			name = Main.storyboard;
			sourceTree = "<group>";
		};
		961D0BA7294D9F20005A914D /* LaunchScreen.storyboard */ = {
			isa = PBXVariantGroup;
			children = (
				961D0BA8294D9F20005A914D /* Base */,
			);
			name = LaunchScreen.storyboard;
			sourceTree = "<group>";
		};
/* End PBXVariantGroup section */

/* Begin XCBuildConfiguration section */
		961D0BAB294D9F20005A914D /* Debug */ = {
			isa = XCBuildConfiguration;
			buildSettings = {
				ALWAYS_SEARCH_USER_PATHS = NO;
				CLANG_ANALYZER_NONNULL = YES;
				CLANG_ANALYZER_NUMBER_OBJECT_CONVERSION = YES_AGGRESSIVE;
				CLANG_CXX_LANGUAGE_STANDARD = "gnu++17";
				CLANG_ENABLE_MODULES = YES;
				CLANG_ENABLE_OBJC_ARC = YES;
				CLANG_ENABLE_OBJC_WEAK = YES;
				CLANG_WARN_BLOCK_CAPTURE_AUTORELEASING = YES;
				CLANG_WARN_BOOL_CONVERSION = YES;
				CLANG_WARN_COMMA = YES;
				CLANG_WARN_CONSTANT_CONVERSION = YES;
				CLANG_WARN_DEPRECATED_OBJC_IMPLEMENTATIONS = YES;
				CLANG_WARN_DIRECT_OBJC_ISA_USAGE = YES_ERROR;
				CLANG_WARN_DOCUMENTATION_COMMENTS = YES;
				CLANG_WARN_EMPTY_BODY = YES;
				CLANG_WARN_ENUM_CONVERSION = YES;
				CLANG_WARN_INFINITE_RECURSION = YES;
				CLANG_WARN_INT_CONVERSION = YES;
				CLANG_WARN_NON_LITERAL_NULL_CONVERSION = YES;
				CLANG_WARN_OBJC_IMPLICIT_RETAIN_SELF = YES;
				CLANG_WARN_OBJC_LITERAL_CONVERSION = YES;
				CLANG_WARN_OBJC_ROOT_CLASS = YES_ERROR;
				CLANG_WARN_QUOTED_INCLUDE_IN_FRAMEWORK_HEADER = YES;
				CLANG_WARN_RANGE_LOOP_ANALYSIS = YES;
				CLANG_WARN_STRICT_PROTOTYPES = YES;
				CLANG_WARN_SUSPICIOUS_MOVE = YES;
				CLANG_WARN_UNGUARDED_AVAILABILITY = YES_AGGRESSIVE;
				CLANG_WARN_UNREACHABLE_CODE = YES;
				CLANG_WARN__DUPLICATE_METHOD_MATCH = YES;
				COPY_PHASE_STRIP = NO;
				DEBUG_INFORMATION_FORMAT = dwarf;
				ENABLE_STRICT_OBJC_MSGSEND = YES;
				ENABLE_TESTABILITY = YES;
				GCC_C_LANGUAGE_STANDARD = gnu11;
				GCC_DYNAMIC_NO_PIC = NO;
				GCC_NO_COMMON_BLOCKS = YES;
				GCC_OPTIMIZATION_LEVEL = 0;
				GCC_PREPROCESSOR_DEFINITIONS = (
					"DEBUG=1",
					"$(inherited)",
				);
				GCC_WARN_64_TO_32_BIT_CONVERSION = YES;
				GCC_WARN_ABOUT_RETURN_TYPE = YES_ERROR;
				GCC_WARN_UNDECLARED_SELECTOR = YES;
				GCC_WARN_UNINITIALIZED_AUTOS = YES_AGGRESSIVE;
				GCC_WARN_UNUSED_FUNCTION = YES;
				GCC_WARN_UNUSED_VARIABLE = YES;
				IPHONEOS_DEPLOYMENT_TARGET = 15.5;
				MTL_ENABLE_DEBUG_INFO = INCLUDE_SOURCE;
				MTL_FAST_MATH = YES;
				ONLY_ACTIVE_ARCH = YES;
				SDKROOT = iphoneos;
				SWIFT_ACTIVE_COMPILATION_CONDITIONS = DEBUG;
				SWIFT_OPTIMIZATION_LEVEL = "-Onone";
			};
			name = Debug;
		};
		961D0BAC294D9F20005A914D /* Release */ = {
			isa = XCBuildConfiguration;
			buildSettings = {
				ALWAYS_SEARCH_USER_PATHS = NO;
				CLANG_ANALYZER_NONNULL = YES;
				CLANG_ANALYZER_NUMBER_OBJECT_CONVERSION = YES_AGGRESSIVE;
				CLANG_CXX_LANGUAGE_STANDARD = "gnu++17";
				CLANG_ENABLE_MODULES = YES;
				CLANG_ENABLE_OBJC_ARC = YES;
				CLANG_ENABLE_OBJC_WEAK = YES;
				CLANG_WARN_BLOCK_CAPTURE_AUTORELEASING = YES;
				CLANG_WARN_BOOL_CONVERSION = YES;
				CLANG_WARN_COMMA = YES;
				CLANG_WARN_CONSTANT_CONVERSION = YES;
				CLANG_WARN_DEPRECATED_OBJC_IMPLEMENTATIONS = YES;
				CLANG_WARN_DIRECT_OBJC_ISA_USAGE = YES_ERROR;
				CLANG_WARN_DOCUMENTATION_COMMENTS = YES;
				CLANG_WARN_EMPTY_BODY = YES;
				CLANG_WARN_ENUM_CONVERSION = YES;
				CLANG_WARN_INFINITE_RECURSION = YES;
				CLANG_WARN_INT_CONVERSION = YES;
				CLANG_WARN_NON_LITERAL_NULL_CONVERSION = YES;
				CLANG_WARN_OBJC_IMPLICIT_RETAIN_SELF = YES;
				CLANG_WARN_OBJC_LITERAL_CONVERSION = YES;
				CLANG_WARN_OBJC_ROOT_CLASS = YES_ERROR;
				CLANG_WARN_QUOTED_INCLUDE_IN_FRAMEWORK_HEADER = YES;
				CLANG_WARN_RANGE_LOOP_ANALYSIS = YES;
				CLANG_WARN_STRICT_PROTOTYPES = YES;
				CLANG_WARN_SUSPICIOUS_MOVE = YES;
				CLANG_WARN_UNGUARDED_AVAILABILITY = YES_AGGRESSIVE;
				CLANG_WARN_UNREACHABLE_CODE = YES;
				CLANG_WARN__DUPLICATE_METHOD_MATCH = YES;
				COPY_PHASE_STRIP = NO;
				DEBUG_INFORMATION_FORMAT = "dwarf-with-dsym";
				ENABLE_NS_ASSERTIONS = NO;
				ENABLE_STRICT_OBJC_MSGSEND = YES;
				GCC_C_LANGUAGE_STANDARD = gnu11;
				GCC_NO_COMMON_BLOCKS = YES;
				GCC_WARN_64_TO_32_BIT_CONVERSION = YES;
				GCC_WARN_ABOUT_RETURN_TYPE = YES_ERROR;
				GCC_WARN_UNDECLARED_SELECTOR = YES;
				GCC_WARN_UNINITIALIZED_AUTOS = YES_AGGRESSIVE;
				GCC_WARN_UNUSED_FUNCTION = YES;
				GCC_WARN_UNUSED_VARIABLE = YES;
				IPHONEOS_DEPLOYMENT_TARGET = 15.5;
				MTL_ENABLE_DEBUG_INFO = NO;
				MTL_FAST_MATH = YES;
				SDKROOT = iphoneos;
				SWIFT_COMPILATION_MODE = wholemodule;
				SWIFT_OPTIMIZATION_LEVEL = "-O";
				VALIDATE_PRODUCT = YES;
			};
			name = Release;
		};
		961D0BAE294D9F20005A914D /* Debug */ = {
			isa = XCBuildConfiguration;
			buildSettings = {
				ASSETCATALOG_COMPILER_APPICON_NAME = AppIcon;
				ASSETCATALOG_COMPILER_GLOBAL_ACCENT_COLOR_NAME = AccentColor;
				CODE_SIGN_STYLE = Automatic;
				CURRENT_PROJECT_VERSION = 1;
				DEVELOPMENT_TEAM = G5T3Z588PS;
				GENERATE_INFOPLIST_FILE = YES;
				INFOPLIST_FILE = ImageFeed/Info.plist;
				INFOPLIST_KEY_UIApplicationSupportsIndirectInputEvents = YES;
				INFOPLIST_KEY_UILaunchStoryboardName = LaunchScreen;
				INFOPLIST_KEY_UIMainStoryboardFile = Main;
				INFOPLIST_KEY_UISupportedInterfaceOrientations = UIInterfaceOrientationPortrait;
				INFOPLIST_KEY_UISupportedInterfaceOrientations_iPad = "UIInterfaceOrientationPortrait UIInterfaceOrientationPortraitUpsideDown UIInterfaceOrientationLandscapeLeft UIInterfaceOrientationLandscapeRight";
				INFOPLIST_KEY_UISupportedInterfaceOrientations_iPhone = UIInterfaceOrientationPortrait;
				IPHONEOS_DEPLOYMENT_TARGET = 13.0;
				LD_RUNPATH_SEARCH_PATHS = (
					"$(inherited)",
					"@executable_path/Frameworks",
				);
				MARKETING_VERSION = 1.0;
				PRODUCT_BUNDLE_IDENTIFIER = com.github.SASHKEVICH.ImageFeed;
				PRODUCT_NAME = "$(TARGET_NAME)";
				SWIFT_EMIT_LOC_STRINGS = YES;
				SWIFT_VERSION = 5.0;
				TARGETED_DEVICE_FAMILY = 1;
			};
			name = Debug;
		};
		961D0BAF294D9F20005A914D /* Release */ = {
			isa = XCBuildConfiguration;
			buildSettings = {
				ASSETCATALOG_COMPILER_APPICON_NAME = AppIcon;
				ASSETCATALOG_COMPILER_GLOBAL_ACCENT_COLOR_NAME = AccentColor;
				CODE_SIGN_STYLE = Automatic;
				CURRENT_PROJECT_VERSION = 1;
				DEVELOPMENT_TEAM = G5T3Z588PS;
				GENERATE_INFOPLIST_FILE = YES;
				INFOPLIST_FILE = ImageFeed/Info.plist;
				INFOPLIST_KEY_UIApplicationSupportsIndirectInputEvents = YES;
				INFOPLIST_KEY_UILaunchStoryboardName = LaunchScreen;
				INFOPLIST_KEY_UIMainStoryboardFile = Main;
				INFOPLIST_KEY_UISupportedInterfaceOrientations = UIInterfaceOrientationPortrait;
				INFOPLIST_KEY_UISupportedInterfaceOrientations_iPad = "UIInterfaceOrientationPortrait UIInterfaceOrientationPortraitUpsideDown UIInterfaceOrientationLandscapeLeft UIInterfaceOrientationLandscapeRight";
				INFOPLIST_KEY_UISupportedInterfaceOrientations_iPhone = UIInterfaceOrientationPortrait;
				IPHONEOS_DEPLOYMENT_TARGET = 13.0;
				LD_RUNPATH_SEARCH_PATHS = (
					"$(inherited)",
					"@executable_path/Frameworks",
				);
				MARKETING_VERSION = 1.0;
				PRODUCT_BUNDLE_IDENTIFIER = com.github.SASHKEVICH.ImageFeed;
				PRODUCT_NAME = "$(TARGET_NAME)";
				SWIFT_EMIT_LOC_STRINGS = YES;
				SWIFT_VERSION = 5.0;
				TARGETED_DEVICE_FAMILY = 1;
			};
			name = Release;
		};
/* End XCBuildConfiguration section */

/* Begin XCConfigurationList section */
		961D0B94294D9F1E005A914D /* Build configuration list for PBXProject "ImageFeed" */ = {
			isa = XCConfigurationList;
			buildConfigurations = (
				961D0BAB294D9F20005A914D /* Debug */,
				961D0BAC294D9F20005A914D /* Release */,
			);
			defaultConfigurationIsVisible = 0;
			defaultConfigurationName = Release;
		};
		961D0BAD294D9F20005A914D /* Build configuration list for PBXNativeTarget "ImageFeed" */ = {
			isa = XCConfigurationList;
			buildConfigurations = (
				961D0BAE294D9F20005A914D /* Debug */,
				961D0BAF294D9F20005A914D /* Release */,
			);
			defaultConfigurationIsVisible = 0;
			defaultConfigurationName = Release;
		};
/* End XCConfigurationList section */
	};
	rootObject = 961D0B91294D9F1E005A914D /* Project object */;
}
