// !$*UTF8*$!
{
	archiveVersion = 1;
	classes = {
	};
	objectVersion = 54;
	objects = {

/* Begin PBXBuildFile section */
		04CCD7286E722B5CD00145C0 /* TabBarController.swift in Sources */ = {isa = PBXBuildFile; fileRef = 597E6A8CE1EB15605B1F7827 /* TabBarController.swift */; };
		156093246D1E1EA58F3FFA72 /* ImageFeedUITests.swift in Sources */ = {isa = PBXBuildFile; fileRef = F1F8C2B3E7E81AB75AB6E8A4 /* ImageFeedUITests.swift */; };
		1DF9753CF7C0D5F94E4F5433 /* UserResult.swift in Sources */ = {isa = PBXBuildFile; fileRef = 7C9C8C85BEDCBE3684CC0738 /* UserResult.swift */; };
		2673EFEEAEE548DC75E211F4 /* ProfileViewControllerSpy.swift in Sources */ = {isa = PBXBuildFile; fileRef = BFF3619F3DDC09401CC04519 /* ProfileViewControllerSpy.swift */; };
		2AB4E5842CCD1CB1462DED9B /* SceneDelegate.swift in Sources */ = {isa = PBXBuildFile; fileRef = C459E2C1209A5BA97D50BDF6 /* SceneDelegate.swift */; };
		33A4FC4CB7D6AAB4DFF63297 /* AlertPresenterProtocols.swift in Sources */ = {isa = PBXBuildFile; fileRef = D3EDD44B9B78064628808D65 /* AlertPresenterProtocols.swift */; };
		34B621EF78A39ACF2DB9696A /* WebViewAuthHelper.swift in Sources */ = {isa = PBXBuildFile; fileRef = C8B6203C0686867E36FEC2DA /* WebViewAuthHelper.swift */; };
		3FA4C6242BC5ED7109E7D0C2 /* URLSession+DataTask.swift in Sources */ = {isa = PBXBuildFile; fileRef = 026F6099EE9E3B7CA01F4788 /* URLSession+DataTask.swift */; };
		455425087A118BB032A0F858 /* ImagesListPresenter.swift in Sources */ = {isa = PBXBuildFile; fileRef = EC9F7C59D40DD59CF41E8BD5 /* ImagesListPresenter.swift */; };
		47EFF8AC571893914ED080B7 /* Date+ImagesListCellDateString.swift in Sources */ = {isa = PBXBuildFile; fileRef = F2085E0028A6E59BF309255F /* Date+ImagesListCellDateString.swift */; };
		48AD02AD0DB5645C884CB9A0 /* Profile.swift in Sources */ = {isa = PBXBuildFile; fileRef = 171992CA37F6A033BBDE7370 /* Profile.swift */; };
		4A28E4494493C5881FD6F5B2 /* Photo.swift in Sources */ = {isa = PBXBuildFile; fileRef = 97F9824CB003142B07A12FA6 /* Photo.swift */; };
		4B004476EEF6937DC534D5AD /* SingleImageViewController.swift in Sources */ = {isa = PBXBuildFile; fileRef = 163A48312D871BFDB47105BE /* SingleImageViewController.swift */; };
		4C05502378D2A840D31B5D8B /* Array+WithReplaced.swift in Sources */ = {isa = PBXBuildFile; fileRef = FB8433544A4B4A6677763DB4 /* Array+WithReplaced.swift */; };
		54AF921221A7E5AB07FA6DD8 /* ImagesListViewControllerSpy.swift in Sources */ = {isa = PBXBuildFile; fileRef = 6B3C8CBC98B917126BB0DC94 /* ImagesListViewControllerSpy.swift */; };
		5A05CA3B70C377918BBA74C1 /* AlertModel.swift in Sources */ = {isa = PBXBuildFile; fileRef = A16A13A4FBC66BD54E80F0A6 /* AlertModel.swift */; };
		5CF044C434F4289F5D0959D8 /* ProfileViewController.swift in Sources */ = {isa = PBXBuildFile; fileRef = 9D61609C2A36600BF9A114B5 /* ProfileViewController.swift */; };
		5DD3C80935516416A3324F38 /* UIColor+Extensions.swift in Sources */ = {isa = PBXBuildFile; fileRef = 99D9ACF70D9E95083C8F209B /* UIColor+Extensions.swift */; };
		63BC0EA5030FFA938E65F54F /* ProfileImageService.swift in Sources */ = {isa = PBXBuildFile; fileRef = 9F0AE753D9ADC33356F61AF6 /* ProfileImageService.swift */; };
		6C63EAC9B030B52DC13AEA95 /* SplashViewController.swift in Sources */ = {isa = PBXBuildFile; fileRef = C7ECAD60416FD397A0048203 /* SplashViewController.swift */; };
		6E26C6A9708FFB68249A4F28 /* WebViewPresenter.swift in Sources */ = {isa = PBXBuildFile; fileRef = 37D37A67135A62BBACBD2ADA /* WebViewPresenter.swift */; };
		6F2CB6A2DA413A243609B833 /* DateFormatter+Extensions.swift in Sources */ = {isa = PBXBuildFile; fileRef = 88DCA5E4FB0D308033ECCA7C /* DateFormatter+Extensions.swift */; };
		716B850029C524F3460CF192 /* ProfileDescriptionService.swift in Sources */ = {isa = PBXBuildFile; fileRef = 969545886CBC288A49B25108 /* ProfileDescriptionService.swift */; };
		7A922F9E6857B65813985151 /* TokenCleaner.swift in Sources */ = {isa = PBXBuildFile; fileRef = 6D0D4E48FA719F9C34404597 /* TokenCleaner.swift */; };
		7D4CCA5F5813D662A6C43B77 /* URLSession+StartLoadingObject.swift in Sources */ = {isa = PBXBuildFile; fileRef = 45F5DE79EE934212329DE71E /* URLSession+StartLoadingObject.swift */; };
		7E40CA436935AEABA02B6B52 /* URLSessionTask+IsStillRunning.swift in Sources */ = {isa = PBXBuildFile; fileRef = 89E1A927AE8986C557F1E576 /* URLSessionTask+IsStillRunning.swift */; };
		7F598AD0E7C3CCBB34BEE841 /* WebViewViewController.swift in Sources */ = {isa = PBXBuildFile; fileRef = CAB86CB5BB4E0701561E60D2 /* WebViewViewController.swift */; };
		7F9B3F63DDEB64DA7C59EB5A /* ImagesListCellImageLoaderStub.swift in Sources */ = {isa = PBXBuildFile; fileRef = 7DEDE9CCDE3EB88B6281A8AB /* ImagesListCellImageLoaderStub.swift */; };
		866F8A93EAE03C5B388C82DF /* ImagesListTests.swift in Sources */ = {isa = PBXBuildFile; fileRef = 4B1E8D5879F51ED3C4004C8F /* ImagesListTests.swift */; };
		89545CD06E40418DF413D6E6 /* OAuthTokenResponseBody.swift in Sources */ = {isa = PBXBuildFile; fileRef = 283C68FFBC4A96434EA3A568 /* OAuthTokenResponseBody.swift */; };
		89C4EA2927287BDB59D82541 /* AuthConfiguration.swift in Sources */ = {isa = PBXBuildFile; fileRef = 5F58B675CFD1EDBE0F4B7DDC /* AuthConfiguration.swift */; };
		8AC0D0FDECB384828DF48AC3 /* SwiftKeychainWrapper in Frameworks */ = {isa = PBXBuildFile; productRef = D33B9237B6533052FEB0AD36 /* SwiftKeychainWrapper */; };
		9084108BCBEDA2618BD9B899 /* ProfileViewPresenterSpy.swift in Sources */ = {isa = PBXBuildFile; fileRef = 5963E0FF17B1BD8AB8DD81D2 /* ProfileViewPresenterSpy.swift */; };
		9200B325F21038C87CD5CCBA /* ImageFeedUITestsLaunchTests.swift in Sources */ = {isa = PBXBuildFile; fileRef = F2469A63BCA6C869B9D58546 /* ImageFeedUITestsLaunchTests.swift */; };
		97043E3D609A017366B38E54 /* Kingfisher in Frameworks */ = {isa = PBXBuildFile; productRef = 969A98D8B620A287F2BBBDB2 /* Kingfisher */; };
		979EE0F39D15A8238FAECB32 /* ImagesListCell.swift in Sources */ = {isa = PBXBuildFile; fileRef = 5D727979B75EF0E954E5D0EC /* ImagesListCell.swift */; };
		9ABD056B3DBA629C84F4938C /* ImagesListService.swift in Sources */ = {isa = PBXBuildFile; fileRef = F2A73772FB4AD0ABC562A496 /* ImagesListService.swift */; };
		9D8A897B3D81DD337C65461E /* ProfileAlertHelper.swift in Sources */ = {isa = PBXBuildFile; fileRef = 18B09125FB20CAE85987802A /* ProfileAlertHelper.swift */; };
		A22BC2FA26FA42CC9A8F7A44 /* ImagesListCellHelper.swift in Sources */ = {isa = PBXBuildFile; fileRef = EB8CB4EF504B56F7E28EFC1E /* ImagesListCellHelper.swift */; };
		AB9EF47EF8E8BC77C0108065 /* URLRequest+MakeHTTPRequest.swift in Sources */ = {isa = PBXBuildFile; fileRef = 971CD32E19F2A28CEB9031A1 /* URLRequest+MakeHTTPRequest.swift */; };
		AD72E0BC37C7FB94A909AE62 /* ProfileResult.swift in Sources */ = {isa = PBXBuildFile; fileRef = 8F6741A3F9C96D0A6C7C72F9 /* ProfileResult.swift */; };
		B5471344056B2BA1E777673C /* Array+SafeSubscript.swift in Sources */ = {isa = PBXBuildFile; fileRef = FF8EB43C8C0C6855FAAE3C4F /* Array+SafeSubscript.swift */; };
		BEC0C2CCC5422557F699E88B /* ProfileViewPresenter.swift in Sources */ = {isa = PBXBuildFile; fileRef = 897563735821501B3E415715 /* ProfileViewPresenter.swift */; };
		BEC578566E100EAD02C94B2B /* ImagesListViewController.swift in Sources */ = {isa = PBXBuildFile; fileRef = 151604FF4DE55D696E46244D /* ImagesListViewController.swift */; };
		BFCBA7E0FDCEFE1D990FC9CC /* LaunchScreen.storyboard in Resources */ = {isa = PBXBuildFile; fileRef = 1DF15D9BFB54B50C75E6B8A6 /* LaunchScreen.storyboard */; };
		C791E93B52C7EECCD65DFDCA /* AuthViewController.swift in Sources */ = {isa = PBXBuildFile; fileRef = AA8A90DC5DF748C325B62F6C /* AuthViewController.swift */; };
		C8400FE4FEC55C159FCB36BA /* UIBlockingProgressHUD.swift in Sources */ = {isa = PBXBuildFile; fileRef = EE7D0C6FC5ADFE48B07FD058 /* UIBlockingProgressHUD.swift */; };
		C862147A3539670DC8C41AC3 /* ProgressHUD in Frameworks */ = {isa = PBXBuildFile; productRef = B65A216D6C72BF44289AC199 /* ProgressHUD */; };
		CA22EBF0BC0150C7F2C09775 /* ProfileViewTests.swift in Sources */ = {isa = PBXBuildFile; fileRef = 586BB97D8561CB0C5B73B12F /* ProfileViewTests.swift */; };
		CC9613271DE5B070F488981C /* Main.storyboard in Resources */ = {isa = PBXBuildFile; fileRef = 6163002174C9B5A3E3E1E691 /* Main.storyboard */; };
		CD73DAF4DBF3FB277AD89512 /* WebViewViewControllerSpy.swift in Sources */ = {isa = PBXBuildFile; fileRef = D0EEF17FB66CF50D3D79EB3C /* WebViewViewControllerSpy.swift */; };
		CDA634E72B58706EBE4C1296 /* ImagesListPresenterSpy.swift in Sources */ = {isa = PBXBuildFile; fileRef = 83C0D0741416510F1B6FBE14 /* ImagesListPresenterSpy.swift */; };
		CE3D90681B9D3B94A2B4EA33 /* WebViewTests.swift in Sources */ = {isa = PBXBuildFile; fileRef = A9557CB777516B86A014A32B /* WebViewTests.swift */; };
		CEB721BA3741FA28F7442577 /* AlertPresenter.swift in Sources */ = {isa = PBXBuildFile; fileRef = D505A72CEA3827BAC23B792E /* AlertPresenter.swift */; };
		D143E7B99CEAF80AD67A276A /* LoadingGradientAnimationView.swift in Sources */ = {isa = PBXBuildFile; fileRef = F0C923EFFEB25180A7F431F1 /* LoadingGradientAnimationView.swift */; };
		D685164694580CE10D40EED3 /* WebViewPresenterSpy.swift in Sources */ = {isa = PBXBuildFile; fileRef = 0559EC329E506C1F2E326B96 /* WebViewPresenterSpy.swift */; };
		DDF1FE7F315621F7C3D85B36 /* OAuth2Service.swift in Sources */ = {isa = PBXBuildFile; fileRef = FD5109530DCFE04D3943C3A6 /* OAuth2Service.swift */; };
		E05D6FB819DD3F1FBB1F6490 /* PhotoResult.swift in Sources */ = {isa = PBXBuildFile; fileRef = C09BC911D7A6A0990589202F /* PhotoResult.swift */; };
		EF705798D76978A1DCC8EE80 /* Assets.xcassets in Resources */ = {isa = PBXBuildFile; fileRef = 13EEC6B230D8F935BF9222A4 /* Assets.xcassets */; };
		F470FEEE5060DF38B470699B /* WebViewViewControllerDelegate.swift in Sources */ = {isa = PBXBuildFile; fileRef = 10C42FC98AA8BEF32C2D4031 /* WebViewViewControllerDelegate.swift */; };
		F73CF2AC73C03453538B71F8 /* ImagesListServiceSpy.swift in Sources */ = {isa = PBXBuildFile; fileRef = 71CB750305870BE6D5A418C8 /* ImagesListServiceSpy.swift */; };
		F96543041B02DE9B2A7E6C7F /* ImagesListCellImageLoader.swift in Sources */ = {isa = PBXBuildFile; fileRef = 60C666CB3F21AC001F058DF9 /* ImagesListCellImageLoader.swift */; };
		FBA59D81DB64FBA777B4BDC9 /* OAuth2TokenStorage.swift in Sources */ = {isa = PBXBuildFile; fileRef = 2B52CF0C3853C993E56F787B /* OAuth2TokenStorage.swift */; };
		FEFC46DA7A0A0784D4CFE54D /* AppDelegate.swift in Sources */ = {isa = PBXBuildFile; fileRef = 18B0F102077198D91460FC1C /* AppDelegate.swift */; };
/* End PBXBuildFile section */

/* Begin PBXContainerItemProxy section */
		1FC491F9F82962158D27E2D8 /* PBXContainerItemProxy */ = {
			isa = PBXContainerItemProxy;
			containerPortal = 9520E46A2D58CF383E44F0D1 /* Project object */;
			proxyType = 1;
			remoteGlobalIDString = B27E279A5FC243108DD903A0;
			remoteInfo = ImageFeed;
		};
		F7AEC8B1BFA5EF8856C6E224 /* PBXContainerItemProxy */ = {
			isa = PBXContainerItemProxy;
			containerPortal = 9520E46A2D58CF383E44F0D1 /* Project object */;
			proxyType = 1;
			remoteGlobalIDString = B27E279A5FC243108DD903A0;
			remoteInfo = ImageFeed;
		};
/* End PBXContainerItemProxy section */

/* Begin PBXFileReference section */
		026F6099EE9E3B7CA01F4788 /* URLSession+DataTask.swift */ = {isa = PBXFileReference; lastKnownFileType = sourcecode.swift; path = "URLSession+DataTask.swift"; sourceTree = "<group>"; };
		0559EC329E506C1F2E326B96 /* WebViewPresenterSpy.swift */ = {isa = PBXFileReference; lastKnownFileType = sourcecode.swift; path = WebViewPresenterSpy.swift; sourceTree = "<group>"; };
		10C42FC98AA8BEF32C2D4031 /* WebViewViewControllerDelegate.swift */ = {isa = PBXFileReference; lastKnownFileType = sourcecode.swift; path = WebViewViewControllerDelegate.swift; sourceTree = "<group>"; };
		13EEC6B230D8F935BF9222A4 /* Assets.xcassets */ = {isa = PBXFileReference; lastKnownFileType = folder.assetcatalog; path = Assets.xcassets; sourceTree = "<group>"; };
		151604FF4DE55D696E46244D /* ImagesListViewController.swift */ = {isa = PBXFileReference; lastKnownFileType = sourcecode.swift; path = ImagesListViewController.swift; sourceTree = "<group>"; };
		163A48312D871BFDB47105BE /* SingleImageViewController.swift */ = {isa = PBXFileReference; lastKnownFileType = sourcecode.swift; path = SingleImageViewController.swift; sourceTree = "<group>"; };
		171992CA37F6A033BBDE7370 /* Profile.swift */ = {isa = PBXFileReference; lastKnownFileType = sourcecode.swift; path = Profile.swift; sourceTree = "<group>"; };
		18B09125FB20CAE85987802A /* ProfileAlertHelper.swift */ = {isa = PBXFileReference; lastKnownFileType = sourcecode.swift; path = ProfileAlertHelper.swift; sourceTree = "<group>"; };
		18B0F102077198D91460FC1C /* AppDelegate.swift */ = {isa = PBXFileReference; lastKnownFileType = sourcecode.swift; path = AppDelegate.swift; sourceTree = "<group>"; };
		283C68FFBC4A96434EA3A568 /* OAuthTokenResponseBody.swift */ = {isa = PBXFileReference; lastKnownFileType = sourcecode.swift; path = OAuthTokenResponseBody.swift; sourceTree = "<group>"; };
		2B52CF0C3853C993E56F787B /* OAuth2TokenStorage.swift */ = {isa = PBXFileReference; lastKnownFileType = sourcecode.swift; path = OAuth2TokenStorage.swift; sourceTree = "<group>"; };
		37D37A67135A62BBACBD2ADA /* WebViewPresenter.swift */ = {isa = PBXFileReference; lastKnownFileType = sourcecode.swift; path = WebViewPresenter.swift; sourceTree = "<group>"; };
		45F5DE79EE934212329DE71E /* URLSession+StartLoadingObject.swift */ = {isa = PBXFileReference; lastKnownFileType = sourcecode.swift; path = "URLSession+StartLoadingObject.swift"; sourceTree = "<group>"; };
		4B1E8D5879F51ED3C4004C8F /* ImagesListTests.swift */ = {isa = PBXFileReference; lastKnownFileType = sourcecode.swift; path = ImagesListTests.swift; sourceTree = "<group>"; };
		55743DE31B4B74962F17221E /* Base */ = {isa = PBXFileReference; lastKnownFileType = file.storyboard; name = Base; path = Base.lproj/LaunchScreen.storyboard; sourceTree = "<group>"; };
		586BB97D8561CB0C5B73B12F /* ProfileViewTests.swift */ = {isa = PBXFileReference; lastKnownFileType = sourcecode.swift; path = ProfileViewTests.swift; sourceTree = "<group>"; };
		5963E0FF17B1BD8AB8DD81D2 /* ProfileViewPresenterSpy.swift */ = {isa = PBXFileReference; lastKnownFileType = sourcecode.swift; path = ProfileViewPresenterSpy.swift; sourceTree = "<group>"; };
		597E6A8CE1EB15605B1F7827 /* TabBarController.swift */ = {isa = PBXFileReference; lastKnownFileType = sourcecode.swift; path = TabBarController.swift; sourceTree = "<group>"; };
		5D727979B75EF0E954E5D0EC /* ImagesListCell.swift */ = {isa = PBXFileReference; lastKnownFileType = sourcecode.swift; path = ImagesListCell.swift; sourceTree = "<group>"; };
		5F58B675CFD1EDBE0F4B7DDC /* AuthConfiguration.swift */ = {isa = PBXFileReference; lastKnownFileType = sourcecode.swift; path = AuthConfiguration.swift; sourceTree = "<group>"; };
		60C666CB3F21AC001F058DF9 /* ImagesListCellImageLoader.swift */ = {isa = PBXFileReference; lastKnownFileType = sourcecode.swift; path = ImagesListCellImageLoader.swift; sourceTree = "<group>"; };
		6595AB0E7E3AD88BFA34E559 /* ImageFeed.xcconfig */ = {isa = PBXFileReference; lastKnownFileType = text.xcconfig; path = ImageFeed.xcconfig; sourceTree = "<group>"; };
		6B3C8CBC98B917126BB0DC94 /* ImagesListViewControllerSpy.swift */ = {isa = PBXFileReference; lastKnownFileType = sourcecode.swift; path = ImagesListViewControllerSpy.swift; sourceTree = "<group>"; };
		6D0D4E48FA719F9C34404597 /* TokenCleaner.swift */ = {isa = PBXFileReference; lastKnownFileType = sourcecode.swift; path = TokenCleaner.swift; sourceTree = "<group>"; };
		71CB750305870BE6D5A418C8 /* ImagesListServiceSpy.swift */ = {isa = PBXFileReference; lastKnownFileType = sourcecode.swift; path = ImagesListServiceSpy.swift; sourceTree = "<group>"; };
		7C9C8C85BEDCBE3684CC0738 /* UserResult.swift */ = {isa = PBXFileReference; lastKnownFileType = sourcecode.swift; path = UserResult.swift; sourceTree = "<group>"; };
		7DEDE9CCDE3EB88B6281A8AB /* ImagesListCellImageLoaderStub.swift */ = {isa = PBXFileReference; lastKnownFileType = sourcecode.swift; path = ImagesListCellImageLoaderStub.swift; sourceTree = "<group>"; };
		83C0D0741416510F1B6FBE14 /* ImagesListPresenterSpy.swift */ = {isa = PBXFileReference; lastKnownFileType = sourcecode.swift; path = ImagesListPresenterSpy.swift; sourceTree = "<group>"; };
		88DCA5E4FB0D308033ECCA7C /* DateFormatter+Extensions.swift */ = {isa = PBXFileReference; lastKnownFileType = sourcecode.swift; path = "DateFormatter+Extensions.swift"; sourceTree = "<group>"; };
		897563735821501B3E415715 /* ProfileViewPresenter.swift */ = {isa = PBXFileReference; lastKnownFileType = sourcecode.swift; path = ProfileViewPresenter.swift; sourceTree = "<group>"; };
		89E1A927AE8986C557F1E576 /* URLSessionTask+IsStillRunning.swift */ = {isa = PBXFileReference; lastKnownFileType = sourcecode.swift; path = "URLSessionTask+IsStillRunning.swift"; sourceTree = "<group>"; };
		8F6741A3F9C96D0A6C7C72F9 /* ProfileResult.swift */ = {isa = PBXFileReference; lastKnownFileType = sourcecode.swift; path = ProfileResult.swift; sourceTree = "<group>"; };
		92D1C498781BF23D2252D0B4 /* ImageFeed.app */ = {isa = PBXFileReference; includeInIndex = 0; lastKnownFileType = wrapper.application; path = ImageFeed.app; sourceTree = BUILT_PRODUCTS_DIR; };
		969545886CBC288A49B25108 /* ProfileDescriptionService.swift */ = {isa = PBXFileReference; lastKnownFileType = sourcecode.swift; path = ProfileDescriptionService.swift; sourceTree = "<group>"; };
		971CD32E19F2A28CEB9031A1 /* URLRequest+MakeHTTPRequest.swift */ = {isa = PBXFileReference; lastKnownFileType = sourcecode.swift; path = "URLRequest+MakeHTTPRequest.swift"; sourceTree = "<group>"; };
		97F9824CB003142B07A12FA6 /* Photo.swift */ = {isa = PBXFileReference; lastKnownFileType = sourcecode.swift; path = Photo.swift; sourceTree = "<group>"; };
		99D9ACF70D9E95083C8F209B /* UIColor+Extensions.swift */ = {isa = PBXFileReference; lastKnownFileType = sourcecode.swift; path = "UIColor+Extensions.swift"; sourceTree = "<group>"; };
		9D61609C2A36600BF9A114B5 /* ProfileViewController.swift */ = {isa = PBXFileReference; lastKnownFileType = sourcecode.swift; path = ProfileViewController.swift; sourceTree = "<group>"; };
		9F0AE753D9ADC33356F61AF6 /* ProfileImageService.swift */ = {isa = PBXFileReference; lastKnownFileType = sourcecode.swift; path = ProfileImageService.swift; sourceTree = "<group>"; };
		A16A13A4FBC66BD54E80F0A6 /* AlertModel.swift */ = {isa = PBXFileReference; lastKnownFileType = sourcecode.swift; path = AlertModel.swift; sourceTree = "<group>"; };
		A60A4DE68C0ACD8A67A5323D /* ImageFeedUITests.xctest */ = {isa = PBXFileReference; includeInIndex = 0; lastKnownFileType = wrapper.cfbundle; path = ImageFeedUITests.xctest; sourceTree = BUILT_PRODUCTS_DIR; };
		A8E17E8D09818E0E151117D5 /* Base */ = {isa = PBXFileReference; lastKnownFileType = file.storyboard; name = Base; path = Base.lproj/Main.storyboard; sourceTree = "<group>"; };
		A9557CB777516B86A014A32B /* WebViewTests.swift */ = {isa = PBXFileReference; lastKnownFileType = sourcecode.swift; path = WebViewTests.swift; sourceTree = "<group>"; };
		AA8A90DC5DF748C325B62F6C /* AuthViewController.swift */ = {isa = PBXFileReference; lastKnownFileType = sourcecode.swift; path = AuthViewController.swift; sourceTree = "<group>"; };
		BFF3619F3DDC09401CC04519 /* ProfileViewControllerSpy.swift */ = {isa = PBXFileReference; lastKnownFileType = sourcecode.swift; path = ProfileViewControllerSpy.swift; sourceTree = "<group>"; };
		C09BC911D7A6A0990589202F /* PhotoResult.swift */ = {isa = PBXFileReference; lastKnownFileType = sourcecode.swift; path = PhotoResult.swift; sourceTree = "<group>"; };
		C459E2C1209A5BA97D50BDF6 /* SceneDelegate.swift */ = {isa = PBXFileReference; lastKnownFileType = sourcecode.swift; path = SceneDelegate.swift; sourceTree = "<group>"; };
		C7ECAD60416FD397A0048203 /* SplashViewController.swift */ = {isa = PBXFileReference; lastKnownFileType = sourcecode.swift; path = SplashViewController.swift; sourceTree = "<group>"; };
		C8B6203C0686867E36FEC2DA /* WebViewAuthHelper.swift */ = {isa = PBXFileReference; lastKnownFileType = sourcecode.swift; path = WebViewAuthHelper.swift; sourceTree = "<group>"; };
		CAB86CB5BB4E0701561E60D2 /* WebViewViewController.swift */ = {isa = PBXFileReference; lastKnownFileType = sourcecode.swift; path = WebViewViewController.swift; sourceTree = "<group>"; };
		D0EEF17FB66CF50D3D79EB3C /* WebViewViewControllerSpy.swift */ = {isa = PBXFileReference; lastKnownFileType = sourcecode.swift; path = WebViewViewControllerSpy.swift; sourceTree = "<group>"; };
		D3EDD44B9B78064628808D65 /* AlertPresenterProtocols.swift */ = {isa = PBXFileReference; lastKnownFileType = sourcecode.swift; path = AlertPresenterProtocols.swift; sourceTree = "<group>"; };
		D505A72CEA3827BAC23B792E /* AlertPresenter.swift */ = {isa = PBXFileReference; lastKnownFileType = sourcecode.swift; path = AlertPresenter.swift; sourceTree = "<group>"; };
		E398E69C0D7FE9ABDBBD299D /* ImageFeedTests.xctest */ = {isa = PBXFileReference; includeInIndex = 0; lastKnownFileType = wrapper.cfbundle; path = ImageFeedTests.xctest; sourceTree = BUILT_PRODUCTS_DIR; };
		EB8CB4EF504B56F7E28EFC1E /* ImagesListCellHelper.swift */ = {isa = PBXFileReference; lastKnownFileType = sourcecode.swift; path = ImagesListCellHelper.swift; sourceTree = "<group>"; };
		EC9F7C59D40DD59CF41E8BD5 /* ImagesListPresenter.swift */ = {isa = PBXFileReference; lastKnownFileType = sourcecode.swift; path = ImagesListPresenter.swift; sourceTree = "<group>"; };
		EE7D0C6FC5ADFE48B07FD058 /* UIBlockingProgressHUD.swift */ = {isa = PBXFileReference; lastKnownFileType = sourcecode.swift; path = UIBlockingProgressHUD.swift; sourceTree = "<group>"; };
		F0C923EFFEB25180A7F431F1 /* LoadingGradientAnimationView.swift */ = {isa = PBXFileReference; lastKnownFileType = sourcecode.swift; path = LoadingGradientAnimationView.swift; sourceTree = "<group>"; };
		F1F8C2B3E7E81AB75AB6E8A4 /* ImageFeedUITests.swift */ = {isa = PBXFileReference; lastKnownFileType = sourcecode.swift; path = ImageFeedUITests.swift; sourceTree = "<group>"; };
		F2085E0028A6E59BF309255F /* Date+ImagesListCellDateString.swift */ = {isa = PBXFileReference; lastKnownFileType = sourcecode.swift; path = "Date+ImagesListCellDateString.swift"; sourceTree = "<group>"; };
		F2469A63BCA6C869B9D58546 /* ImageFeedUITestsLaunchTests.swift */ = {isa = PBXFileReference; lastKnownFileType = sourcecode.swift; path = ImageFeedUITestsLaunchTests.swift; sourceTree = "<group>"; };
		F2A73772FB4AD0ABC562A496 /* ImagesListService.swift */ = {isa = PBXFileReference; lastKnownFileType = sourcecode.swift; path = ImagesListService.swift; sourceTree = "<group>"; };
		FB8433544A4B4A6677763DB4 /* Array+WithReplaced.swift */ = {isa = PBXFileReference; lastKnownFileType = sourcecode.swift; path = "Array+WithReplaced.swift"; sourceTree = "<group>"; };
		FD5109530DCFE04D3943C3A6 /* OAuth2Service.swift */ = {isa = PBXFileReference; lastKnownFileType = sourcecode.swift; path = OAuth2Service.swift; sourceTree = "<group>"; };
		FF8EB43C8C0C6855FAAE3C4F /* Array+SafeSubscript.swift */ = {isa = PBXFileReference; lastKnownFileType = sourcecode.swift; path = "Array+SafeSubscript.swift"; sourceTree = "<group>"; };
/* End PBXFileReference section */

/* Begin PBXFrameworksBuildPhase section */
		C965681733F7DFB7EB380329 /* Frameworks */ = {
			isa = PBXFrameworksBuildPhase;
			buildActionMask = 2147483647;
			files = (
				97043E3D609A017366B38E54 /* Kingfisher in Frameworks */,
				C862147A3539670DC8C41AC3 /* ProgressHUD in Frameworks */,
				8AC0D0FDECB384828DF48AC3 /* SwiftKeychainWrapper in Frameworks */,
			);
			runOnlyForDeploymentPostprocessing = 0;
		};
/* End PBXFrameworksBuildPhase section */

/* Begin PBXGroup section */
		0292E1E075F3F4A261612D4B /* ImageFeedTests */ = {
			isa = PBXGroup;
			children = (
				46722DA7A9E8BBABAB6D0478 /* ImagesListViewControllerTests */,
				763C823F574D97879FE5863F /* ProfileViewControllerTests */,
				64669BD22AB1C8C2B1C348BA /* WebViewControllerTests */,
			);
			path = ImageFeedTests;
			sourceTree = "<group>";
		};
		09ECEA0F7E5D9A6BDF6309D7 /* ProfileViewController */ = {
			isa = PBXGroup;
			children = (
				18B09125FB20CAE85987802A /* ProfileAlertHelper.swift */,
				9D61609C2A36600BF9A114B5 /* ProfileViewController.swift */,
				897563735821501B3E415715 /* ProfileViewPresenter.swift */,
			);
			path = ProfileViewController;
			sourceTree = "<group>";
		};
		0FAB7F06D4AFC5E61C0BAF8E = {
			isa = PBXGroup;
			children = (
				F61AB5E425CAA024F644BF71 /* Config */,
				29E78A939301490F6A003276 /* ImageFeed */,
				0292E1E075F3F4A261612D4B /* ImageFeedTests */,
				232E46C0FB26533436870E94 /* ImageFeedUITests */,
				3FA093F602E4D569C2BD8C38 /* Products */,
			);
			indentWidth = 4;
			sourceTree = "<group>";
		};
		0FCE90342D48C056F78A33A6 /* SplashViewController */ = {
			isa = PBXGroup;
			children = (
				C7ECAD60416FD397A0048203 /* SplashViewController.swift */,
			);
			path = SplashViewController;
			sourceTree = "<group>";
		};
		13690B7BDA3CB3DEF2623391 /* Helpers */ = {
			isa = PBXGroup;
			children = (
				FF8EB43C8C0C6855FAAE3C4F /* Array+SafeSubscript.swift */,
				FB8433544A4B4A6677763DB4 /* Array+WithReplaced.swift */,
				5F58B675CFD1EDBE0F4B7DDC /* AuthConfiguration.swift */,
				F2085E0028A6E59BF309255F /* Date+ImagesListCellDateString.swift */,
				88DCA5E4FB0D308033ECCA7C /* DateFormatter+Extensions.swift */,
				6D0D4E48FA719F9C34404597 /* TokenCleaner.swift */,
				EE7D0C6FC5ADFE48B07FD058 /* UIBlockingProgressHUD.swift */,
				99D9ACF70D9E95083C8F209B /* UIColor+Extensions.swift */,
				971CD32E19F2A28CEB9031A1 /* URLRequest+MakeHTTPRequest.swift */,
				026F6099EE9E3B7CA01F4788 /* URLSession+DataTask.swift */,
				45F5DE79EE934212329DE71E /* URLSession+StartLoadingObject.swift */,
				89E1A927AE8986C557F1E576 /* URLSessionTask+IsStillRunning.swift */,
			);
			path = Helpers;
			sourceTree = "<group>";
		};
		1D006F7B31B93C693174ACF6 /* ImagesList */ = {
			isa = PBXGroup;
			children = (
				5D727979B75EF0E954E5D0EC /* ImagesListCell.swift */,
				8E03CFD7E6CE40725F787337 /* ImagesListViewController */,
				6D1174E7A7D4E4ED19AA37F9 /* SingleImage */,
			);
			path = ImagesList;
			sourceTree = "<group>";
		};
		232E46C0FB26533436870E94 /* ImageFeedUITests */ = {
			isa = PBXGroup;
			children = (
				F1F8C2B3E7E81AB75AB6E8A4 /* ImageFeedUITests.swift */,
				F2469A63BCA6C869B9D58546 /* ImageFeedUITestsLaunchTests.swift */,
			);
			path = ImageFeedUITests;
			sourceTree = "<group>";
		};
		29E78A939301490F6A003276 /* ImageFeed */ = {
			isa = PBXGroup;
			children = (
				18B0F102077198D91460FC1C /* AppDelegate.swift */,
				13EEC6B230D8F935BF9222A4 /* Assets.xcassets */,
				1DF15D9BFB54B50C75E6B8A6 /* LaunchScreen.storyboard */,
				6163002174C9B5A3E3E1E691 /* Main.storyboard */,
				C459E2C1209A5BA97D50BDF6 /* SceneDelegate.swift */,
				13690B7BDA3CB3DEF2623391 /* Helpers */,
				58DFE078A1107667386A3A18 /* Models */,
				3B6F5C5E4365C9CC8798E982 /* Presentation */,
				597813C92A4BCEDB9DA75CBF /* Services */,
			);
			path = ImageFeed;
			sourceTree = "<group>";
		};
		33E65A27A2174F6028521283 /* Authorization */ = {
			isa = PBXGroup;
			children = (
				AA8A90DC5DF748C325B62F6C /* AuthViewController.swift */,
				FD1A843F48637570C130C230 /* WebView */,
			);
			path = Authorization;
			sourceTree = "<group>";
		};
		3B6F5C5E4365C9CC8798E982 /* Presentation */ = {
			isa = PBXGroup;
			children = (
				F0C923EFFEB25180A7F431F1 /* LoadingGradientAnimationView.swift */,
				597E6A8CE1EB15605B1F7827 /* TabBarController.swift */,
				33E65A27A2174F6028521283 /* Authorization */,
				1D006F7B31B93C693174ACF6 /* ImagesList */,
				09ECEA0F7E5D9A6BDF6309D7 /* ProfileViewController */,
				0FCE90342D48C056F78A33A6 /* SplashViewController */,
			);
			path = Presentation;
			sourceTree = "<group>";
		};
		3E2445C0C6D0741274D7D8F5 /* ProfileDescription */ = {
			isa = PBXGroup;
			children = (
				969545886CBC288A49B25108 /* ProfileDescriptionService.swift */,
			);
			path = ProfileDescription;
			sourceTree = "<group>";
		};
		3FA093F602E4D569C2BD8C38 /* Products */ = {
			isa = PBXGroup;
			children = (
				92D1C498781BF23D2252D0B4 /* ImageFeed.app */,
				E398E69C0D7FE9ABDBBD299D /* ImageFeedTests.xctest */,
				A60A4DE68C0ACD8A67A5323D /* ImageFeedUITests.xctest */,
			);
			name = Products;
			sourceTree = "<group>";
		};
		41865FBD4242E4D23787BD5B /* OAuth2 */ = {
			isa = PBXGroup;
			children = (
				FD5109530DCFE04D3943C3A6 /* OAuth2Service.swift */,
				2B52CF0C3853C993E56F787B /* OAuth2TokenStorage.swift */,
			);
			path = OAuth2;
			sourceTree = "<group>";
		};
		46722DA7A9E8BBABAB6D0478 /* ImagesListViewControllerTests */ = {
			isa = PBXGroup;
			children = (
				7DEDE9CCDE3EB88B6281A8AB /* ImagesListCellImageLoaderStub.swift */,
				83C0D0741416510F1B6FBE14 /* ImagesListPresenterSpy.swift */,
				71CB750305870BE6D5A418C8 /* ImagesListServiceSpy.swift */,
				4B1E8D5879F51ED3C4004C8F /* ImagesListTests.swift */,
				6B3C8CBC98B917126BB0DC94 /* ImagesListViewControllerSpy.swift */,
			);
			path = ImagesListViewControllerTests;
			sourceTree = "<group>";
		};
		58DFE078A1107667386A3A18 /* Models */ = {
			isa = PBXGroup;
			children = (
				5D68955F6C95439F38B6CB1F /* AlertModel */,
				D279A35A8FF8B346FDB28331 /* OAuthToken */,
				CD1DC626B9056F3451E7A0C0 /* Photo */,
				A57A5968409A1F5D78E4522D /* Profile */,
				FD0BC9BBA22AE62D27550DCA /* User */,
			);
			path = Models;
			sourceTree = "<group>";
		};
		597813C92A4BCEDB9DA75CBF /* Services */ = {
			isa = PBXGroup;
			children = (
				AE9E5BFFAB2A4DD9708BB9FD /* AlertPresenter */,
				8492EF9080D7CCEC54932ACC /* ImagesList */,
				41865FBD4242E4D23787BD5B /* OAuth2 */,
				3E2445C0C6D0741274D7D8F5 /* ProfileDescription */,
				7BE392E8E8F12A923685A362 /* ProfileImage */,
			);
			path = Services;
			sourceTree = "<group>";
		};
		5D68955F6C95439F38B6CB1F /* AlertModel */ = {
			isa = PBXGroup;
			children = (
				A16A13A4FBC66BD54E80F0A6 /* AlertModel.swift */,
			);
			path = AlertModel;
			sourceTree = "<group>";
		};
		64669BD22AB1C8C2B1C348BA /* WebViewControllerTests */ = {
			isa = PBXGroup;
			children = (
				0559EC329E506C1F2E326B96 /* WebViewPresenterSpy.swift */,
				A9557CB777516B86A014A32B /* WebViewTests.swift */,
				D0EEF17FB66CF50D3D79EB3C /* WebViewViewControllerSpy.swift */,
			);
			path = WebViewControllerTests;
			sourceTree = "<group>";
		};
		6D1174E7A7D4E4ED19AA37F9 /* SingleImage */ = {
			isa = PBXGroup;
			children = (
				163A48312D871BFDB47105BE /* SingleImageViewController.swift */,
			);
			path = SingleImage;
			sourceTree = "<group>";
		};
		763C823F574D97879FE5863F /* ProfileViewControllerTests */ = {
			isa = PBXGroup;
			children = (
				BFF3619F3DDC09401CC04519 /* ProfileViewControllerSpy.swift */,
				5963E0FF17B1BD8AB8DD81D2 /* ProfileViewPresenterSpy.swift */,
				586BB97D8561CB0C5B73B12F /* ProfileViewTests.swift */,
			);
			path = ProfileViewControllerTests;
			sourceTree = "<group>";
		};
		7BE392E8E8F12A923685A362 /* ProfileImage */ = {
			isa = PBXGroup;
			children = (
				9F0AE753D9ADC33356F61AF6 /* ProfileImageService.swift */,
			);
			path = ProfileImage;
			sourceTree = "<group>";
		};
		8492EF9080D7CCEC54932ACC /* ImagesList */ = {
			isa = PBXGroup;
			children = (
				60C666CB3F21AC001F058DF9 /* ImagesListCellImageLoader.swift */,
				F2A73772FB4AD0ABC562A496 /* ImagesListService.swift */,
			);
			path = ImagesList;
			sourceTree = "<group>";
		};
		8E03CFD7E6CE40725F787337 /* ImagesListViewController */ = {
			isa = PBXGroup;
			children = (
				EB8CB4EF504B56F7E28EFC1E /* ImagesListCellHelper.swift */,
				EC9F7C59D40DD59CF41E8BD5 /* ImagesListPresenter.swift */,
				151604FF4DE55D696E46244D /* ImagesListViewController.swift */,
			);
			path = ImagesListViewController;
			sourceTree = "<group>";
		};
		A57A5968409A1F5D78E4522D /* Profile */ = {
			isa = PBXGroup;
			children = (
				171992CA37F6A033BBDE7370 /* Profile.swift */,
				8F6741A3F9C96D0A6C7C72F9 /* ProfileResult.swift */,
			);
			path = Profile;
			sourceTree = "<group>";
		};
		AE9E5BFFAB2A4DD9708BB9FD /* AlertPresenter */ = {
			isa = PBXGroup;
			children = (
				D505A72CEA3827BAC23B792E /* AlertPresenter.swift */,
				D3EDD44B9B78064628808D65 /* AlertPresenterProtocols.swift */,
			);
			path = AlertPresenter;
			sourceTree = "<group>";
		};
		CD1DC626B9056F3451E7A0C0 /* Photo */ = {
			isa = PBXGroup;
			children = (
				97F9824CB003142B07A12FA6 /* Photo.swift */,
				C09BC911D7A6A0990589202F /* PhotoResult.swift */,
			);
			path = Photo;
			sourceTree = "<group>";
		};
		D279A35A8FF8B346FDB28331 /* OAuthToken */ = {
			isa = PBXGroup;
			children = (
				283C68FFBC4A96434EA3A568 /* OAuthTokenResponseBody.swift */,
			);
			path = OAuthToken;
			sourceTree = "<group>";
		};
		F61AB5E425CAA024F644BF71 /* Config */ = {
			isa = PBXGroup;
			children = (
				6595AB0E7E3AD88BFA34E559 /* ImageFeed.xcconfig */,
			);
			path = Config;
			sourceTree = "<group>";
		};
		FD0BC9BBA22AE62D27550DCA /* User */ = {
			isa = PBXGroup;
			children = (
				7C9C8C85BEDCBE3684CC0738 /* UserResult.swift */,
			);
			path = User;
			sourceTree = "<group>";
		};
		FD1A843F48637570C130C230 /* WebView */ = {
			isa = PBXGroup;
			children = (
				C8B6203C0686867E36FEC2DA /* WebViewAuthHelper.swift */,
				37D37A67135A62BBACBD2ADA /* WebViewPresenter.swift */,
				CAB86CB5BB4E0701561E60D2 /* WebViewViewController.swift */,
				10C42FC98AA8BEF32C2D4031 /* WebViewViewControllerDelegate.swift */,
			);
			path = WebView;
			sourceTree = "<group>";
		};
/* End PBXGroup section */

/* Begin PBXNativeTarget section */
		4418274D6113F388C67F93D6 /* ImageFeedUITests */ = {
			isa = PBXNativeTarget;
			buildConfigurationList = 8600CEAC1D84E888AE852AA6 /* Build configuration list for PBXNativeTarget "ImageFeedUITests" */;
			buildPhases = (
				1D038C0D1B67C4B6F00E4EAE /* Sources */,
			);
			buildRules = (
			);
			dependencies = (
				4162C7B6C8D340B30661E78E /* PBXTargetDependency */,
			);
			name = ImageFeedUITests;
			productName = ImageFeedUITests;
			productReference = A60A4DE68C0ACD8A67A5323D /* ImageFeedUITests.xctest */;
			productType = "com.apple.product-type.bundle.ui-testing";
		};
		ACC5C1BDF7E745FDCDC5F7A8 /* ImageFeedTests */ = {
			isa = PBXNativeTarget;
			buildConfigurationList = 5CE0AEB3142FDBD1B01F9BEF /* Build configuration list for PBXNativeTarget "ImageFeedTests" */;
			buildPhases = (
				E2C89825B9CC7CD61D6CC11C /* Sources */,
			);
			buildRules = (
			);
			dependencies = (
				97754B7CB24F9FC95F1BB6F3 /* PBXTargetDependency */,
			);
			name = ImageFeedTests;
			productName = ImageFeedTests;
			productReference = E398E69C0D7FE9ABDBBD299D /* ImageFeedTests.xctest */;
			productType = "com.apple.product-type.bundle.unit-test";
		};
		B27E279A5FC243108DD903A0 /* ImageFeed */ = {
			isa = PBXNativeTarget;
			buildConfigurationList = D6697F42E476F8ABEDBD7FF8 /* Build configuration list for PBXNativeTarget "ImageFeed" */;
			buildPhases = (
				98E780C28C9A3D9875678625 /* Sources */,
				32A90D10977E76BCDE9FD549 /* Resources */,
				C965681733F7DFB7EB380329 /* Frameworks */,
			);
			buildRules = (
			);
			dependencies = (
			);
			name = ImageFeed;
			packageProductDependencies = (
				969A98D8B620A287F2BBBDB2 /* Kingfisher */,
				B65A216D6C72BF44289AC199 /* ProgressHUD */,
				D33B9237B6533052FEB0AD36 /* SwiftKeychainWrapper */,
			);
			productName = ImageFeed;
			productReference = 92D1C498781BF23D2252D0B4 /* ImageFeed.app */;
			productType = "com.apple.product-type.application";
		};
/* End PBXNativeTarget section */

/* Begin PBXProject section */
		9520E46A2D58CF383E44F0D1 /* Project object */ = {
			isa = PBXProject;
			attributes = {
				BuildIndependentTargetsInParallel = YES;
				LastUpgradeCheck = 1430;
				TargetAttributes = {
					4418274D6113F388C67F93D6 = {
						TestTargetID = B27E279A5FC243108DD903A0;
					};
					B27E279A5FC243108DD903A0 = {
						DevelopmentTeam = 8F9BJF9KQ5;
					};
				};
			};
			buildConfigurationList = 135EEFE25E65EC4BD4719704 /* Build configuration list for PBXProject "ImageFeed" */;
			compatibilityVersion = "Xcode 14.0";
			developmentRegion = ru;
			hasScannedForEncodings = 0;
			knownRegions = (
				Base,
				ru,
			);
			mainGroup = 0FAB7F06D4AFC5E61C0BAF8E;
			packageReferences = (
				EA8138490671A670E9F1CD47 /* XCRemoteSwiftPackageReference "Kingfisher" */,
				25A0BDEAA8FB023CA94E4A4F /* XCRemoteSwiftPackageReference "ProgressHUD" */,
				E38CABAFDBF55D46893E49CE /* XCRemoteSwiftPackageReference "SwiftKeychainWrapper" */,
			);
			projectDirPath = "";
			projectRoot = "";
			targets = (
				B27E279A5FC243108DD903A0 /* ImageFeed */,
				ACC5C1BDF7E745FDCDC5F7A8 /* ImageFeedTests */,
				4418274D6113F388C67F93D6 /* ImageFeedUITests */,
			);
		};
/* End PBXProject section */

/* Begin PBXResourcesBuildPhase section */
		32A90D10977E76BCDE9FD549 /* Resources */ = {
			isa = PBXResourcesBuildPhase;
			buildActionMask = 2147483647;
			files = (
				EF705798D76978A1DCC8EE80 /* Assets.xcassets in Resources */,
				BFCBA7E0FDCEFE1D990FC9CC /* LaunchScreen.storyboard in Resources */,
				CC9613271DE5B070F488981C /* Main.storyboard in Resources */,
			);
			runOnlyForDeploymentPostprocessing = 0;
		};
/* End PBXResourcesBuildPhase section */

/* Begin PBXSourcesBuildPhase section */
		1D038C0D1B67C4B6F00E4EAE /* Sources */ = {
			isa = PBXSourcesBuildPhase;
			buildActionMask = 2147483647;
			files = (
				156093246D1E1EA58F3FFA72 /* ImageFeedUITests.swift in Sources */,
				9200B325F21038C87CD5CCBA /* ImageFeedUITestsLaunchTests.swift in Sources */,
			);
			runOnlyForDeploymentPostprocessing = 0;
		};
		98E780C28C9A3D9875678625 /* Sources */ = {
			isa = PBXSourcesBuildPhase;
			buildActionMask = 2147483647;
			files = (
				5A05CA3B70C377918BBA74C1 /* AlertModel.swift in Sources */,
				CEB721BA3741FA28F7442577 /* AlertPresenter.swift in Sources */,
				33A4FC4CB7D6AAB4DFF63297 /* AlertPresenterProtocols.swift in Sources */,
				FEFC46DA7A0A0784D4CFE54D /* AppDelegate.swift in Sources */,
				B5471344056B2BA1E777673C /* Array+SafeSubscript.swift in Sources */,
				4C05502378D2A840D31B5D8B /* Array+WithReplaced.swift in Sources */,
				89C4EA2927287BDB59D82541 /* AuthConfiguration.swift in Sources */,
				C791E93B52C7EECCD65DFDCA /* AuthViewController.swift in Sources */,
				47EFF8AC571893914ED080B7 /* Date+ImagesListCellDateString.swift in Sources */,
				6F2CB6A2DA413A243609B833 /* DateFormatter+Extensions.swift in Sources */,
				979EE0F39D15A8238FAECB32 /* ImagesListCell.swift in Sources */,
				A22BC2FA26FA42CC9A8F7A44 /* ImagesListCellHelper.swift in Sources */,
				F96543041B02DE9B2A7E6C7F /* ImagesListCellImageLoader.swift in Sources */,
				455425087A118BB032A0F858 /* ImagesListPresenter.swift in Sources */,
				9ABD056B3DBA629C84F4938C /* ImagesListService.swift in Sources */,
				BEC578566E100EAD02C94B2B /* ImagesListViewController.swift in Sources */,
				D143E7B99CEAF80AD67A276A /* LoadingGradientAnimationView.swift in Sources */,
				DDF1FE7F315621F7C3D85B36 /* OAuth2Service.swift in Sources */,
				FBA59D81DB64FBA777B4BDC9 /* OAuth2TokenStorage.swift in Sources */,
				89545CD06E40418DF413D6E6 /* OAuthTokenResponseBody.swift in Sources */,
				4A28E4494493C5881FD6F5B2 /* Photo.swift in Sources */,
				E05D6FB819DD3F1FBB1F6490 /* PhotoResult.swift in Sources */,
				48AD02AD0DB5645C884CB9A0 /* Profile.swift in Sources */,
				9D8A897B3D81DD337C65461E /* ProfileAlertHelper.swift in Sources */,
				716B850029C524F3460CF192 /* ProfileDescriptionService.swift in Sources */,
				63BC0EA5030FFA938E65F54F /* ProfileImageService.swift in Sources */,
				AD72E0BC37C7FB94A909AE62 /* ProfileResult.swift in Sources */,
				5CF044C434F4289F5D0959D8 /* ProfileViewController.swift in Sources */,
				BEC0C2CCC5422557F699E88B /* ProfileViewPresenter.swift in Sources */,
				2AB4E5842CCD1CB1462DED9B /* SceneDelegate.swift in Sources */,
				4B004476EEF6937DC534D5AD /* SingleImageViewController.swift in Sources */,
				6C63EAC9B030B52DC13AEA95 /* SplashViewController.swift in Sources */,
				04CCD7286E722B5CD00145C0 /* TabBarController.swift in Sources */,
				7A922F9E6857B65813985151 /* TokenCleaner.swift in Sources */,
				C8400FE4FEC55C159FCB36BA /* UIBlockingProgressHUD.swift in Sources */,
				5DD3C80935516416A3324F38 /* UIColor+Extensions.swift in Sources */,
				AB9EF47EF8E8BC77C0108065 /* URLRequest+MakeHTTPRequest.swift in Sources */,
				3FA4C6242BC5ED7109E7D0C2 /* URLSession+DataTask.swift in Sources */,
				7D4CCA5F5813D662A6C43B77 /* URLSession+StartLoadingObject.swift in Sources */,
				7E40CA436935AEABA02B6B52 /* URLSessionTask+IsStillRunning.swift in Sources */,
				1DF9753CF7C0D5F94E4F5433 /* UserResult.swift in Sources */,
				34B621EF78A39ACF2DB9696A /* WebViewAuthHelper.swift in Sources */,
				6E26C6A9708FFB68249A4F28 /* WebViewPresenter.swift in Sources */,
				7F598AD0E7C3CCBB34BEE841 /* WebViewViewController.swift in Sources */,
				F470FEEE5060DF38B470699B /* WebViewViewControllerDelegate.swift in Sources */,
			);
			runOnlyForDeploymentPostprocessing = 0;
		};
		E2C89825B9CC7CD61D6CC11C /* Sources */ = {
			isa = PBXSourcesBuildPhase;
			buildActionMask = 2147483647;
			files = (
				7F9B3F63DDEB64DA7C59EB5A /* ImagesListCellImageLoaderStub.swift in Sources */,
				CDA634E72B58706EBE4C1296 /* ImagesListPresenterSpy.swift in Sources */,
				F73CF2AC73C03453538B71F8 /* ImagesListServiceSpy.swift in Sources */,
				866F8A93EAE03C5B388C82DF /* ImagesListTests.swift in Sources */,
				54AF921221A7E5AB07FA6DD8 /* ImagesListViewControllerSpy.swift in Sources */,
				2673EFEEAEE548DC75E211F4 /* ProfileViewControllerSpy.swift in Sources */,
				9084108BCBEDA2618BD9B899 /* ProfileViewPresenterSpy.swift in Sources */,
				CA22EBF0BC0150C7F2C09775 /* ProfileViewTests.swift in Sources */,
				D685164694580CE10D40EED3 /* WebViewPresenterSpy.swift in Sources */,
				CE3D90681B9D3B94A2B4EA33 /* WebViewTests.swift in Sources */,
				CD73DAF4DBF3FB277AD89512 /* WebViewViewControllerSpy.swift in Sources */,
			);
			runOnlyForDeploymentPostprocessing = 0;
		};
/* End PBXSourcesBuildPhase section */

/* Begin PBXTargetDependency section */
		4162C7B6C8D340B30661E78E /* PBXTargetDependency */ = {
			isa = PBXTargetDependency;
			target = B27E279A5FC243108DD903A0 /* ImageFeed */;
			targetProxy = 1FC491F9F82962158D27E2D8 /* PBXContainerItemProxy */;
		};
		97754B7CB24F9FC95F1BB6F3 /* PBXTargetDependency */ = {
			isa = PBXTargetDependency;
			target = B27E279A5FC243108DD903A0 /* ImageFeed */;
			targetProxy = F7AEC8B1BFA5EF8856C6E224 /* PBXContainerItemProxy */;
		};
/* End PBXTargetDependency section */

/* Begin PBXVariantGroup section */
		1DF15D9BFB54B50C75E6B8A6 /* LaunchScreen.storyboard */ = {
			isa = PBXVariantGroup;
			children = (
				55743DE31B4B74962F17221E /* Base */,
			);
			name = LaunchScreen.storyboard;
			sourceTree = "<group>";
		};
		6163002174C9B5A3E3E1E691 /* Main.storyboard */ = {
			isa = PBXVariantGroup;
			children = (
				A8E17E8D09818E0E151117D5 /* Base */,
			);
			name = Main.storyboard;
			sourceTree = "<group>";
		};
/* End PBXVariantGroup section */

/* Begin XCBuildConfiguration section */
		1FF058AFF3510365859CA261 /* Release */ = {
			isa = XCBuildConfiguration;
			buildSettings = {
				BUNDLE_LOADER = "$(TEST_HOST)";
				GENERATE_INFOPLIST_FILE = YES;
				LD_RUNPATH_SEARCH_PATHS = (
					"$(inherited)",
					"@executable_path/Frameworks",
					"@loader_path/Frameworks",
				);
				PRODUCT_BUNDLE_IDENTIFIER = com.bekrenev.aleksandr.ImageFeed.tests;
				SDKROOT = iphoneos;
				TARGETED_DEVICE_FAMILY = "1,2";
				TEST_HOST = "$(BUILT_PRODUCTS_DIR)/ImageFeed.app/ImageFeed";
			};
			name = Release;
		};
		23971F6E844CB7A165326408 /* Debug */ = {
			isa = XCBuildConfiguration;
			buildSettings = {
				BUNDLE_LOADER = "$(TEST_HOST)";
				GENERATE_INFOPLIST_FILE = YES;
				LD_RUNPATH_SEARCH_PATHS = (
					"$(inherited)",
					"@executable_path/Frameworks",
					"@loader_path/Frameworks",
				);
				PRODUCT_BUNDLE_IDENTIFIER = com.bekrenev.aleksandr.ImageFeed.tests;
				SDKROOT = iphoneos;
				TARGETED_DEVICE_FAMILY = "1,2";
				TEST_HOST = "$(BUILT_PRODUCTS_DIR)/ImageFeed.app/ImageFeed";
			};
			name = Debug;
		};
		3AC9CCE063B95A8C26AAE9B1 /* Release */ = {
			isa = XCBuildConfiguration;
			buildSettings = {
				ALWAYS_SEARCH_USER_PATHS = NO;
				CLANG_ANALYZER_NONNULL = YES;
				CLANG_ANALYZER_NUMBER_OBJECT_CONVERSION = YES_AGGRESSIVE;
				CLANG_CXX_LANGUAGE_STANDARD = "gnu++14";
				CLANG_CXX_LIBRARY = "libc++";
				CLANG_ENABLE_MODULES = YES;
				CLANG_ENABLE_OBJC_ARC = YES;
				CLANG_ENABLE_OBJC_WEAK = YES;
				CLANG_WARN_BLOCK_CAPTURE_AUTORELEASING = YES;
				CLANG_WARN_BOOL_CONVERSION = YES;
				CLANG_WARN_COMMA = YES;
				CLANG_WARN_CONSTANT_CONVERSION = YES;
				CLANG_WARN_DEPRECATED_OBJC_IMPLEMENTATIONS = YES;
				CLANG_WARN_DIRECT_OBJC_ISA_USAGE = YES_ERROR;
				CLANG_WARN_DOCUMENTATION_COMMENTS = YES;
				CLANG_WARN_EMPTY_BODY = YES;
				CLANG_WARN_ENUM_CONVERSION = YES;
				CLANG_WARN_INFINITE_RECURSION = YES;
				CLANG_WARN_INT_CONVERSION = YES;
				CLANG_WARN_NON_LITERAL_NULL_CONVERSION = YES;
				CLANG_WARN_OBJC_IMPLICIT_RETAIN_SELF = YES;
				CLANG_WARN_OBJC_LITERAL_CONVERSION = YES;
				CLANG_WARN_OBJC_ROOT_CLASS = YES_ERROR;
				CLANG_WARN_QUOTED_INCLUDE_IN_FRAMEWORK_HEADER = YES;
				CLANG_WARN_RANGE_LOOP_ANALYSIS = YES;
				CLANG_WARN_STRICT_PROTOTYPES = YES;
				CLANG_WARN_SUSPICIOUS_MOVE = YES;
				CLANG_WARN_UNGUARDED_AVAILABILITY = YES_AGGRESSIVE;
				CLANG_WARN_UNREACHABLE_CODE = YES;
				CLANG_WARN__DUPLICATE_METHOD_MATCH = YES;
				COPY_PHASE_STRIP = NO;
				DEBUG_INFORMATION_FORMAT = "dwarf-with-dsym";
				ENABLE_NS_ASSERTIONS = NO;
				ENABLE_STRICT_OBJC_MSGSEND = YES;
				GCC_C_LANGUAGE_STANDARD = gnu11;
				GCC_NO_COMMON_BLOCKS = YES;
				GCC_WARN_64_TO_32_BIT_CONVERSION = YES;
				GCC_WARN_ABOUT_RETURN_TYPE = YES_ERROR;
				GCC_WARN_UNDECLARED_SELECTOR = YES;
				GCC_WARN_UNINITIALIZED_AUTOS = YES_AGGRESSIVE;
				GCC_WARN_UNUSED_FUNCTION = YES;
				GCC_WARN_UNUSED_VARIABLE = YES;
				IPHONEOS_DEPLOYMENT_TARGET = 13.0;
				MTL_ENABLE_DEBUG_INFO = INCLUDE_SOURCE;
				MTL_FAST_MATH = YES;
				PRODUCT_NAME = "$(TARGET_NAME)";
				SDKROOT = iphoneos;
				SUPPORTS_MACCATALYST = NO;
				SWIFT_COMPILATION_MODE = wholemodule;
				SWIFT_OPTIMIZATION_LEVEL = "-O";
				SWIFT_VERSION = 5.5;
				TARGETED_DEVICE_FAMILY = 1;
			};
			name = Release;
		};
		55C07CC2F254B50AF18CAA24 /* Debug */ = {
			isa = XCBuildConfiguration;
			buildSettings = {
				BUNDLE_LOADER = "$(TEST_HOST)";
				GENERATE_INFOPLIST_FILE = YES;
				LD_RUNPATH_SEARCH_PATHS = (
					"$(inherited)",
					"@executable_path/Frameworks",
					"@loader_path/Frameworks",
				);
				PRODUCT_BUNDLE_IDENTIFIER = com.bekrenev.aleksandr.ImageFeed.uitests;
				SDKROOT = iphoneos;
				TARGETED_DEVICE_FAMILY = "1,2";
				TEST_TARGET_NAME = ImageFeed;
			};
			name = Debug;
		};
		59F75FE748CE0FC9C9ABD7ED /* Release */ = {
			isa = XCBuildConfiguration;
			baseConfigurationReference = 6595AB0E7E3AD88BFA34E559 /* ImageFeed.xcconfig */;
			buildSettings = {
				ALWAYS_EMBED_SWIFT_STANDARD_LIBRARIES = YES;
				ASSETCATALOG_COMPILER_APPICON_NAME = AppIcon;
				CODE_SIGN_IDENTITY = "iPhone Developer";
				CURRENT_PROJECT_VERSION = "$(IMAGEFEED_MARKETING_SUB_VERSION)";
				DEVELOPMENT_TEAM = 8F9BJF9KQ5;
				GENERATE_INFOPLIST_FILE = YES;
				LD_RUNPATH_SEARCH_PATHS = (
					"$(inherited)",
					"@executable_path/Frameworks",
				);
				MARKETING_VERSION = "$(IMAGEFEED_MARKETING_VERSION)";
				PRODUCT_BUNDLE_IDENTIFIER = com.bekrenev.aleksandr.ImageFeed;
				SDKROOT = iphoneos;
				TARGETED_DEVICE_FAMILY = 1;
			};
			name = Release;
		};
		6BBA879D8312BF4DEB2ED763 /* Debug */ = {
			isa = XCBuildConfiguration;
			baseConfigurationReference = 6595AB0E7E3AD88BFA34E559 /* ImageFeed.xcconfig */;
			buildSettings = {
				ALWAYS_EMBED_SWIFT_STANDARD_LIBRARIES = YES;
				ASSETCATALOG_COMPILER_APPICON_NAME = AppIcon;
				CODE_SIGN_IDENTITY = "iPhone Developer";
				CURRENT_PROJECT_VERSION = "$(IMAGEFEED_MARKETING_SUB_VERSION)";
				DEVELOPMENT_TEAM = 8F9BJF9KQ5;
				GENERATE_INFOPLIST_FILE = YES;
				LD_RUNPATH_SEARCH_PATHS = (
					"$(inherited)",
					"@executable_path/Frameworks",
				);
				MARKETING_VERSION = "$(IMAGEFEED_MARKETING_VERSION)";
				PRODUCT_BUNDLE_IDENTIFIER = com.bekrenev.aleksandr.ImageFeed;
				SDKROOT = iphoneos;
				TARGETED_DEVICE_FAMILY = 1;
			};
			name = Debug;
		};
		AC4B7687D20CDE1C61E4022D /* Debug */ = {
			isa = XCBuildConfiguration;
			buildSettings = {
				ALWAYS_SEARCH_USER_PATHS = NO;
				CLANG_ANALYZER_NONNULL = YES;
				CLANG_ANALYZER_NUMBER_OBJECT_CONVERSION = YES_AGGRESSIVE;
				CLANG_CXX_LANGUAGE_STANDARD = "gnu++14";
				CLANG_CXX_LIBRARY = "libc++";
				CLANG_ENABLE_MODULES = YES;
				CLANG_ENABLE_OBJC_ARC = YES;
				CLANG_ENABLE_OBJC_WEAK = YES;
				CLANG_WARN_BLOCK_CAPTURE_AUTORELEASING = YES;
				CLANG_WARN_BOOL_CONVERSION = YES;
				CLANG_WARN_COMMA = YES;
				CLANG_WARN_CONSTANT_CONVERSION = YES;
				CLANG_WARN_DEPRECATED_OBJC_IMPLEMENTATIONS = YES;
				CLANG_WARN_DIRECT_OBJC_ISA_USAGE = YES_ERROR;
				CLANG_WARN_DOCUMENTATION_COMMENTS = YES;
				CLANG_WARN_EMPTY_BODY = YES;
				CLANG_WARN_ENUM_CONVERSION = YES;
				CLANG_WARN_INFINITE_RECURSION = YES;
				CLANG_WARN_INT_CONVERSION = YES;
				CLANG_WARN_NON_LITERAL_NULL_CONVERSION = YES;
				CLANG_WARN_OBJC_IMPLICIT_RETAIN_SELF = YES;
				CLANG_WARN_OBJC_LITERAL_CONVERSION = YES;
				CLANG_WARN_OBJC_ROOT_CLASS = YES_ERROR;
				CLANG_WARN_QUOTED_INCLUDE_IN_FRAMEWORK_HEADER = YES;
				CLANG_WARN_RANGE_LOOP_ANALYSIS = YES;
				CLANG_WARN_STRICT_PROTOTYPES = YES;
				CLANG_WARN_SUSPICIOUS_MOVE = YES;
				CLANG_WARN_UNGUARDED_AVAILABILITY = YES_AGGRESSIVE;
				CLANG_WARN_UNREACHABLE_CODE = YES;
				CLANG_WARN__DUPLICATE_METHOD_MATCH = YES;
				COPY_PHASE_STRIP = NO;
				DEBUG_INFORMATION_FORMAT = "dwarf-with-dsym";
				ENABLE_STRICT_OBJC_MSGSEND = YES;
				ENABLE_TESTABILITY = YES;
				GCC_C_LANGUAGE_STANDARD = gnu11;
				GCC_DYNAMIC_NO_PIC = NO;
				GCC_NO_COMMON_BLOCKS = YES;
				GCC_OPTIMIZATION_LEVEL = 0;
				GCC_PREPROCESSOR_DEFINITIONS = (
					"$(inherited)",
					"DEBUG=1",
				);
				GCC_WARN_64_TO_32_BIT_CONVERSION = YES;
				GCC_WARN_ABOUT_RETURN_TYPE = YES_ERROR;
				GCC_WARN_UNDECLARED_SELECTOR = YES;
				GCC_WARN_UNINITIALIZED_AUTOS = YES_AGGRESSIVE;
				GCC_WARN_UNUSED_FUNCTION = YES;
				GCC_WARN_UNUSED_VARIABLE = YES;
				IPHONEOS_DEPLOYMENT_TARGET = 13.0;
				MTL_ENABLE_DEBUG_INFO = INCLUDE_SOURCE;
				MTL_FAST_MATH = YES;
				ONLY_ACTIVE_ARCH = YES;
				PRODUCT_NAME = "$(TARGET_NAME)";
				SDKROOT = iphoneos;
				SUPPORTS_MACCATALYST = NO;
				SWIFT_ACTIVE_COMPILATION_CONDITIONS = (
					"$(inherited)",
					DEBUG,
				);
				SWIFT_COMPILATION_MODE = incremental;
				SWIFT_OPTIMIZATION_LEVEL = "-Onone";
				SWIFT_VERSION = 5.5;
				TARGETED_DEVICE_FAMILY = 1;
			};
			name = Debug;
		};
		F284FDFD96891E13EACF199F /* Release */ = {
			isa = XCBuildConfiguration;
			buildSettings = {
				BUNDLE_LOADER = "$(TEST_HOST)";
				GENERATE_INFOPLIST_FILE = YES;
				LD_RUNPATH_SEARCH_PATHS = (
					"$(inherited)",
					"@executable_path/Frameworks",
					"@loader_path/Frameworks",
				);
				PRODUCT_BUNDLE_IDENTIFIER = com.bekrenev.aleksandr.ImageFeed.uitests;
				SDKROOT = iphoneos;
				TARGETED_DEVICE_FAMILY = "1,2";
				TEST_TARGET_NAME = ImageFeed;
			};
			name = Release;
		};
/* End XCBuildConfiguration section */

/* Begin XCConfigurationList section */
		135EEFE25E65EC4BD4719704 /* Build configuration list for PBXProject "ImageFeed" */ = {
			isa = XCConfigurationList;
			buildConfigurations = (
				AC4B7687D20CDE1C61E4022D /* Debug */,
				3AC9CCE063B95A8C26AAE9B1 /* Release */,
			);
			defaultConfigurationIsVisible = 0;
			defaultConfigurationName = Debug;
		};
		5CE0AEB3142FDBD1B01F9BEF /* Build configuration list for PBXNativeTarget "ImageFeedTests" */ = {
			isa = XCConfigurationList;
			buildConfigurations = (
				23971F6E844CB7A165326408 /* Debug */,
				1FF058AFF3510365859CA261 /* Release */,
			);
			defaultConfigurationIsVisible = 0;
			defaultConfigurationName = Debug;
		};
		8600CEAC1D84E888AE852AA6 /* Build configuration list for PBXNativeTarget "ImageFeedUITests" */ = {
			isa = XCConfigurationList;
			buildConfigurations = (
				55C07CC2F254B50AF18CAA24 /* Debug */,
				F284FDFD96891E13EACF199F /* Release */,
			);
			defaultConfigurationIsVisible = 0;
			defaultConfigurationName = Debug;
		};
		D6697F42E476F8ABEDBD7FF8 /* Build configuration list for PBXNativeTarget "ImageFeed" */ = {
			isa = XCConfigurationList;
			buildConfigurations = (
				6BBA879D8312BF4DEB2ED763 /* Debug */,
				59F75FE748CE0FC9C9ABD7ED /* Release */,
			);
			defaultConfigurationIsVisible = 0;
			defaultConfigurationName = Debug;
		};
/* End XCConfigurationList section */

/* Begin XCRemoteSwiftPackageReference section */
		25A0BDEAA8FB023CA94E4A4F /* XCRemoteSwiftPackageReference "ProgressHUD" */ = {
			isa = XCRemoteSwiftPackageReference;
			repositoryURL = "https://github.com/relatedcode/ProgressHUD";
			requirement = {
				kind = exactVersion;
				version = 13.6.2;
			};
		};
		E38CABAFDBF55D46893E49CE /* XCRemoteSwiftPackageReference "SwiftKeychainWrapper" */ = {
			isa = XCRemoteSwiftPackageReference;
			repositoryURL = "https://github.com/jrendel/SwiftKeychainWrapper";
			requirement = {
				kind = exactVersion;
				version = 4.0.1;
			};
		};
		EA8138490671A670E9F1CD47 /* XCRemoteSwiftPackageReference "Kingfisher" */ = {
			isa = XCRemoteSwiftPackageReference;
			repositoryURL = "https://github.com/onevcat/Kingfisher";
			requirement = {
				kind = exactVersion;
				version = 7.9.0;
			};
		};
/* End XCRemoteSwiftPackageReference section */

/* Begin XCSwiftPackageProductDependency section */
		969A98D8B620A287F2BBBDB2 /* Kingfisher */ = {
			isa = XCSwiftPackageProductDependency;
			package = EA8138490671A670E9F1CD47 /* XCRemoteSwiftPackageReference "Kingfisher" */;
			productName = Kingfisher;
		};
		B65A216D6C72BF44289AC199 /* ProgressHUD */ = {
			isa = XCSwiftPackageProductDependency;
			package = 25A0BDEAA8FB023CA94E4A4F /* XCRemoteSwiftPackageReference "ProgressHUD" */;
			productName = ProgressHUD;
		};
		D33B9237B6533052FEB0AD36 /* SwiftKeychainWrapper */ = {
			isa = XCSwiftPackageProductDependency;
			package = E38CABAFDBF55D46893E49CE /* XCRemoteSwiftPackageReference "SwiftKeychainWrapper" */;
			productName = SwiftKeychainWrapper;
		};
/* End XCSwiftPackageProductDependency section */
	};
	rootObject = 9520E46A2D58CF383E44F0D1 /* Project object */;
}
